
Microsoft Visual Studio Solution File, Format Version 12.00
# Visual Studio Version 16
VisualStudioVersion = 16.0.29911.84
MinimumVisualStudioVersion = 10.0.40219.1
Project("{FAE04EC0-301F-11D3-BF4B-00C04F79EFBC}") = "XFAppInfo.UWP", "XFAppInfo\XFAppInfo.UWP\XFAppInfo.UWP.csproj", "{37E42E04-B7E6-49AA-B25B-F43561A5E500}"
EndProject
Project("{FAE04EC0-301F-11D3-BF4B-00C04F79EFBC}") = "XFAppInfo.Android", "XFAppInfo\XFAppInfo.Android\XFAppInfo.Android.csproj", "{8031E5F0-70EF-4C2E-8DC2-35129491B978}"
EndProject
Project("{FAE04EC0-301F-11D3-BF4B-00C04F79EFBC}") = "XFAppInfo.iOS", "XFAppInfo\XFAppInfo.iOS\XFAppInfo.iOS.csproj", "{78B782C4-1738-46E4-8592-9E9D26733CA4}"
EndProject
Project("{FAE04EC0-301F-11D3-BF4B-00C04F79EFBC}") = "XFAppInfo", "XFAppInfo\XFAppInfo\XFAppInfo.csproj", "{39853EA7-4A4C-43BB-9520-BDA95356A419}"
EndProject
Global
	GlobalSection(SolutionConfigurationPlatforms) = preSolution
		Debug|Any CPU = Debug|Any CPU
		Debug|ARM = Debug|ARM
		Debug|iPhone = Debug|iPhone
		Debug|iPhoneSimulator = Debug|iPhoneSimulator
		Debug|x64 = Debug|x64
		Debug|x86 = Debug|x86
		Release|Any CPU = Release|Any CPU
		Release|ARM = Release|ARM
		Release|iPhone = Release|iPhone
		Release|iPhoneSimulator = Release|iPhoneSimulator
		Release|x64 = Release|x64
		Release|x86 = Release|x86
	EndGlobalSection
	GlobalSection(ProjectConfigurationPlatforms) = postSolution
		{37E42E04-B7E6-49AA-B25B-F43561A5E500}.Debug|Any CPU.ActiveCfg = Debug|x86
		{37E42E04-B7E6-49AA-B25B-F43561A5E500}.Debug|Any CPU.Build.0 = Debug|x86
		{37E42E04-B7E6-49AA-B25B-F43561A5E500}.Debug|Any CPU.Deploy.0 = Debug|x86
		{37E42E04-B7E6-49AA-B25B-F43561A5E500}.Debug|ARM.ActiveCfg = Debug|ARM
		{37E42E04-B7E6-49AA-B25B-F43561A5E500}.Debug|ARM.Build.0 = Debug|ARM
		{37E42E04-B7E6-49AA-B25B-F43561A5E500}.Debug|ARM.Deploy.0 = Debug|ARM
		{37E42E04-B7E6-49AA-B25B-F43561A5E500}.Debug|iPhone.ActiveCfg = Debug|x86
		{37E42E04-B7E6-49AA-B25B-F43561A5E500}.Debug|iPhone.Build.0 = Debug|x86
		{37E42E04-B7E6-49AA-B25B-F43561A5E500}.Debug|iPhone.Deploy.0 = Debug|x86
		{37E42E04-B7E6-49AA-B25B-F43561A5E500}.Debug|iPhoneSimulator.ActiveCfg = Debug|x86
		{37E42E04-B7E6-49AA-B25B-F43561A5E500}.Debug|iPhoneSimulator.Build.0 = Debug|x86
		{37E42E04-B7E6-49AA-B25B-F43561A5E500}.Debug|iPhoneSimulator.Deploy.0 = Debug|x86
		{37E42E04-B7E6-49AA-B25B-F43561A5E500}.Debug|x64.ActiveCfg = Debug|x64
		{37E42E04-B7E6-49AA-B25B-F43561A5E500}.Debug|x64.Build.0 = Debug|x64
		{37E42E04-B7E6-49AA-B25B-F43561A5E500}.Debug|x64.Deploy.0 = Debug|x64
		{37E42E04-B7E6-49AA-B25B-F43561A5E500}.Debug|x86.ActiveCfg = Debug|x86
		{37E42E04-B7E6-49AA-B25B-F43561A5E500}.Debug|x86.Build.0 = Debug|x86
		{37E42E04-B7E6-49AA-B25B-F43561A5E500}.Debug|x86.Deploy.0 = Debug|x86
		{37E42E04-B7E6-49AA-B25B-F43561A5E500}.Release|Any CPU.ActiveCfg = Release|x86
		{37E42E04-B7E6-49AA-B25B-F43561A5E500}.Release|Any CPU.Build.0 = Release|x86
		{37E42E04-B7E6-49AA-B25B-F43561A5E500}.Release|Any CPU.Deploy.0 = Release|x86
		{37E42E04-B7E6-49AA-B25B-F43561A5E500}.Release|ARM.ActiveCfg = Release|ARM
		{37E42E04-B7E6-49AA-B25B-F43561A5E500}.Release|ARM.Build.0 = Release|ARM
		{37E42E04-B7E6-49AA-B25B-F43561A5E500}.Release|ARM.Deploy.0 = Release|ARM
		{37E42E04-B7E6-49AA-B25B-F43561A5E500}.Release|iPhone.ActiveCfg = Release|x86
		{37E42E04-B7E6-49AA-B25B-F43561A5E500}.Release|iPhone.Build.0 = Release|x86
		{37E42E04-B7E6-49AA-B25B-F43561A5E500}.Release|iPhone.Deploy.0 = Release|x86
		{37E42E04-B7E6-49AA-B25B-F43561A5E500}.Release|iPhoneSimulator.ActiveCfg = Release|x86
		{37E42E04-B7E6-49AA-B25B-F43561A5E500}.Release|iPhoneSimulator.Build.0 = Release|x86
		{37E42E04-B7E6-49AA-B25B-F43561A5E500}.Release|iPhoneSimulator.Deploy.0 = Release|x86
		{37E42E04-B7E6-49AA-B25B-F43561A5E500}.Release|x64.ActiveCfg = Release|x64
		{37E42E04-B7E6-49AA-B25B-F43561A5E500}.Release|x64.Build.0 = Release|x64
		{37E42E04-B7E6-49AA-B25B-F43561A5E500}.Release|x64.Deploy.0 = Release|x64
		{37E42E04-B7E6-49AA-B25B-F43561A5E500}.Release|x86.ActiveCfg = Release|x86
		{37E42E04-B7E6-49AA-B25B-F43561A5E500}.Release|x86.Build.0 = Release|x86
		{37E42E04-B7E6-49AA-B25B-F43561A5E500}.Release|x86.Deploy.0 = Release|x86
		{8031E5F0-70EF-4C2E-8DC2-35129491B978}.Debug|Any CPU.ActiveCfg = Debug|Any CPU
		{8031E5F0-70EF-4C2E-8DC2-35129491B978}.Debug|Any CPU.Build.0 = Debug|Any CPU
		{8031E5F0-70EF-4C2E-8DC2-35129491B978}.Debug|Any CPU.Deploy.0 = Debug|Any CPU
		{8031E5F0-70EF-4C2E-8DC2-35129491B978}.Debug|ARM.ActiveCfg = Debug|Any CPU
		{8031E5F0-70EF-4C2E-8DC2-35129491B978}.Debug|ARM.Build.0 = Debug|Any CPU
		{8031E5F0-70EF-4C2E-8DC2-35129491B978}.Debug|ARM.Deploy.0 = Debug|Any CPU
		{8031E5F0-70EF-4C2E-8DC2-35129491B978}.Debug|iPhone.ActiveCfg = Debug|Any CPU
		{8031E5F0-70EF-4C2E-8DC2-35129491B978}.Debug|iPhone.Build.0 = Debug|Any CPU
		{8031E5F0-70EF-4C2E-8DC2-35129491B978}.Debug|iPhone.Deploy.0 = Debug|Any CPU
		{8031E5F0-70EF-4C2E-8DC2-35129491B978}.Debug|iPhoneSimulator.ActiveCfg = Debug|Any CPU
		{8031E5F0-70EF-4C2E-8DC2-35129491B978}.Debug|iPhoneSimulator.Build.0 = Debug|Any CPU
		{8031E5F0-70EF-4C2E-8DC2-35129491B978}.Debug|iPhoneSimulator.Deploy.0 = Debug|Any CPU
		{8031E5F0-70EF-4C2E-8DC2-35129491B978}.Debug|x64.ActiveCfg = Debug|Any CPU
		{8031E5F0-70EF-4C2E-8DC2-35129491B978}.Debug|x64.Build.0 = Debug|Any CPU
		{8031E5F0-70EF-4C2E-8DC2-35129491B978}.Debug|x64.Deploy.0 = Debug|Any CPU
		{8031E5F0-70EF-4C2E-8DC2-35129491B978}.Debug|x86.ActiveCfg = Debug|Any CPU
		{8031E5F0-70EF-4C2E-8DC2-35129491B978}.Debug|x86.Build.0 = Debug|Any CPU
		{8031E5F0-70EF-4C2E-8DC2-35129491B978}.Debug|x86.Deploy.0 = Debug|Any CPU
		{8031E5F0-70EF-4C2E-8DC2-35129491B978}.Release|Any CPU.ActiveCfg = Release|Any CPU
		{8031E5F0-70EF-4C2E-8DC2-35129491B978}.Release|Any CPU.Build.0 = Release|Any CPU
		{8031E5F0-70EF-4C2E-8DC2-35129491B978}.Release|Any CPU.Deploy.0 = Release|Any CPU
		{8031E5F0-70EF-4C2E-8DC2-35129491B978}.Release|ARM.ActiveCfg = Release|Any CPU
		{8031E5F0-70EF-4C2E-8DC2-35129491B978}.Release|ARM.Build.0 = Release|Any CPU
		{8031E5F0-70EF-4C2E-8DC2-35129491B978}.Release|ARM.Deploy.0 = Release|Any CPU
		{8031E5F0-70EF-4C2E-8DC2-35129491B978}.Release|iPhone.ActiveCfg = Release|Any CPU
		{8031E5F0-70EF-4C2E-8DC2-35129491B978}.Release|iPhone.Build.0 = Release|Any CPU
		{8031E5F0-70EF-4C2E-8DC2-35129491B978}.Release|iPhone.Deploy.0 = Release|Any CPU
		{8031E5F0-70EF-4C2E-8DC2-35129491B978}.Release|iPhoneSimulator.ActiveCfg = Release|Any CPU
		{8031E5F0-70EF-4C2E-8DC2-35129491B978}.Release|iPhoneSimulator.Build.0 = Release|Any CPU
		{8031E5F0-70EF-4C2E-8DC2-35129491B978}.Release|iPhoneSimulator.Deploy.0 = Release|Any CPU
		{8031E5F0-70EF-4C2E-8DC2-35129491B978}.Release|x64.ActiveCfg = Release|Any CPU
		{8031E5F0-70EF-4C2E-8DC2-35129491B978}.Release|x64.Build.0 = Release|Any CPU
		{8031E5F0-70EF-4C2E-8DC2-35129491B978}.Release|x64.Deploy.0 = Release|Any CPU
		{8031E5F0-70EF-4C2E-8DC2-35129491B978}.Release|x86.ActiveCfg = Release|Any CPU
		{8031E5F0-70EF-4C2E-8DC2-35129491B978}.Release|x86.Build.0 = Release|Any CPU
		{8031E5F0-70EF-4C2E-8DC2-35129491B978}.Release|x86.Deploy.0 = Release|Any CPU
		{78B782C4-1738-46E4-8592-9E9D26733CA4}.Debug|Any CPU.ActiveCfg = Debug|iPhone
		{78B782C4-1738-46E4-8592-9E9D26733CA4}.Debug|Any CPU.Build.0 = Debug|iPhone
		{78B782C4-1738-46E4-8592-9E9D26733CA4}.Debug|Any CPU.Deploy.0 = Debug|iPhone
		{78B782C4-1738-46E4-8592-9E9D26733CA4}.Debug|ARM.ActiveCfg = Debug|iPhone
		{78B782C4-1738-46E4-8592-9E9D26733CA4}.Debug|ARM.Build.0 = Debug|iPhone
		{78B782C4-1738-46E4-8592-9E9D26733CA4}.Debug|ARM.Deploy.0 = Debug|iPhone
		{78B782C4-1738-46E4-8592-9E9D26733CA4}.Debug|iPhone.ActiveCfg = Debug|iPhone
		{78B782C4-1738-46E4-8592-9E9D26733CA4}.Debug|iPhone.Build.0 = Debug|iPhone
		{78B782C4-1738-46E4-8592-9E9D26733CA4}.Debug|iPhone.Deploy.0 = Debug|iPhone
		{78B782C4-1738-46E4-8592-9E9D26733CA4}.Debug|iPhoneSimulator.ActiveCfg = Debug|iPhoneSimulator
		{78B782C4-1738-46E4-8592-9E9D26733CA4}.Debug|iPhoneSimulator.Build.0 = Debug|iPhoneSimulator
		{78B782C4-1738-46E4-8592-9E9D26733CA4}.Debug|iPhoneSimulator.Deploy.0 = Debug|iPhoneSimulator
		{78B782C4-1738-46E4-8592-9E9D26733CA4}.Debug|x64.ActiveCfg = Debug|iPhone
		{78B782C4-1738-46E4-8592-9E9D26733CA4}.Debug|x64.Build.0 = Debug|iPhone
		{78B782C4-1738-46E4-8592-9E9D26733CA4}.Debug|x64.Deploy.0 = Debug|iPhone
		{78B782C4-1738-46E4-8592-9E9D26733CA4}.Debug|x86.ActiveCfg = Debug|iPhone
		{78B782C4-1738-46E4-8592-9E9D26733CA4}.Debug|x86.Build.0 = Debug|iPhone
		{78B782C4-1738-46E4-8592-9E9D26733CA4}.Debug|x86.Deploy.0 = Debug|iPhone
		{78B782C4-1738-46E4-8592-9E9D26733CA4}.Release|Any CPU.ActiveCfg = Release|iPhone
		{78B782C4-1738-46E4-8592-9E9D26733CA4}.Release|Any CPU.Build.0 = Release|iPhone
		{78B782C4-1738-46E4-8592-9E9D26733CA4}.Release|Any CPU.Deploy.0 = Release|iPhone
		{78B782C4-1738-46E4-8592-9E9D26733CA4}.Release|ARM.ActiveCfg = Release|iPhone
		{78B782C4-1738-46E4-8592-9E9D26733CA4}.Release|ARM.Build.0 = Release|iPhone
		{78B782C4-1738-46E4-8592-9E9D26733CA4}.Release|ARM.Deploy.0 = Release|iPhone
		{78B782C4-1738-46E4-8592-9E9D26733CA4}.Release|iPhone.ActiveCfg = Release|iPhone
		{78B782C4-1738-46E4-8592-9E9D26733CA4}.Release|iPhone.Build.0 = Release|iPhone
		{78B782C4-1738-46E4-8592-9E9D26733CA4}.Release|iPhone.Deploy.0 = Release|iPhone
		{78B782C4-1738-46E4-8592-9E9D26733CA4}.Release|iPhoneSimulator.ActiveCfg = Release|iPhoneSimulator
		{78B782C4-1738-46E4-8592-9E9D26733CA4}.Release|iPhoneSimulator.Build.0 = Release|iPhoneSimulator
		{78B782C4-1738-46E4-8592-9E9D26733CA4}.Release|iPhoneSimulator.Deploy.0 = Release|iPhoneSimulator
		{78B782C4-1738-46E4-8592-9E9D26733CA4}.Release|x64.ActiveCfg = Release|iPhone
		{78B782C4-1738-46E4-8592-9E9D26733CA4}.Release|x64.Build.0 = Release|iPhone
		{78B782C4-1738-46E4-8592-9E9D26733CA4}.Release|x64.Deploy.0 = Release|iPhone
		{78B782C4-1738-46E4-8592-9E9D26733CA4}.Release|x86.ActiveCfg = Release|iPhone
		{78B782C4-1738-46E4-8592-9E9D26733CA4}.Release|x86.Build.0 = Release|iPhone
		{78B782C4-1738-46E4-8592-9E9D26733CA4}.Release|x86.Deploy.0 = Release|iPhone
		{39853EA7-4A4C-43BB-9520-BDA95356A419}.Debug|Any CPU.ActiveCfg = Debug|Any CPU
		{39853EA7-4A4C-43BB-9520-BDA95356A419}.Debug|Any CPU.Build.0 = Debug|Any CPU
		{39853EA7-4A4C-43BB-9520-BDA95356A419}.Debug|Any CPU.Deploy.0 = Debug|Any CPU
		{39853EA7-4A4C-43BB-9520-BDA95356A419}.Debug|ARM.ActiveCfg = Debug|Any CPU
		{39853EA7-4A4C-43BB-9520-BDA95356A419}.Debug|ARM.Build.0 = Debug|Any CPU
		{39853EA7-4A4C-43BB-9520-BDA95356A419}.Debug|ARM.Deploy.0 = Debug|Any CPU
		{39853EA7-4A4C-43BB-9520-BDA95356A419}.Debug|iPhone.ActiveCfg = Debug|Any CPU
		{39853EA7-4A4C-43BB-9520-BDA95356A419}.Debug|iPhone.Build.0 = Debug|Any CPU
		{39853EA7-4A4C-43BB-9520-BDA95356A419}.Debug|iPhone.Deploy.0 = Debug|Any CPU
		{39853EA7-4A4C-43BB-9520-BDA95356A419}.Debug|iPhoneSimulator.ActiveCfg = Debug|Any CPU
		{39853EA7-4A4C-43BB-9520-BDA95356A419}.Debug|iPhoneSimulator.Build.0 = Debug|Any CPU
		{39853EA7-4A4C-43BB-9520-BDA95356A419}.Debug|iPhoneSimulator.Deploy.0 = Debug|Any CPU
		{39853EA7-4A4C-43BB-9520-BDA95356A419}.Debug|x64.ActiveCfg = Debug|Any CPU
		{39853EA7-4A4C-43BB-9520-BDA95356A419}.Debug|x64.Build.0 = Debug|Any CPU
		{39853EA7-4A4C-43BB-9520-BDA95356A419}.Debug|x64.Deploy.0 = Debug|Any CPU
		{39853EA7-4A4C-43BB-9520-BDA95356A419}.Debug|x86.ActiveCfg = Debug|Any CPU
		{39853EA7-4A4C-43BB-9520-BDA95356A419}.Debug|x86.Build.0 = Debug|Any CPU
		{39853EA7-4A4C-43BB-9520-BDA95356A419}.Debug|x86.Deploy.0 = Debug|Any CPU
		{39853EA7-4A4C-43BB-9520-BDA95356A419}.Release|Any CPU.ActiveCfg = Release|Any CPU
		{39853EA7-4A4C-43BB-9520-BDA95356A419}.Release|Any CPU.Build.0 = Release|Any CPU
		{39853EA7-4A4C-43BB-9520-BDA95356A419}.Release|Any CPU.Deploy.0 = Release|Any CPU
		{39853EA7-4A4C-43BB-9520-BDA95356A419}.Release|ARM.ActiveCfg = Release|Any CPU
		{39853EA7-4A4C-43BB-9520-BDA95356A419}.Release|ARM.Build.0 = Release|Any CPU
		{39853EA7-4A4C-43BB-9520-BDA95356A419}.Release|ARM.Deploy.0 = Release|Any CPU
		{39853EA7-4A4C-43BB-9520-BDA95356A419}.Release|iPhone.ActiveCfg = Release|Any CPU
		{39853EA7-4A4C-43BB-9520-BDA95356A419}.Release|iPhone.Build.0 = Release|Any CPU
		{39853EA7-4A4C-43BB-9520-BDA95356A419}.Release|iPhone.Deploy.0 = Release|Any CPU
		{39853EA7-4A4C-43BB-9520-BDA95356A419}.Release|iPhoneSimulator.ActiveCfg = Release|Any CPU
		{39853EA7-4A4C-43BB-9520-BDA95356A419}.Release|iPhoneSimulator.Build.0 = Release|Any CPU
		{39853EA7-4A4C-43BB-9520-BDA95356A419}.Release|iPhoneSimulator.Deploy.0 = Release|Any CPU
		{39853EA7-4A4C-43BB-9520-BDA95356A419}.Release|x64.ActiveCfg = Release|Any CPU
		{39853EA7-4A4C-43BB-9520-BDA95356A419}.Release|x64.Build.0 = Release|Any CPU
		{39853EA7-4A4C-43BB-9520-BDA95356A419}.Release|x64.Deploy.0 = Release|Any CPU
		{39853EA7-4A4C-43BB-9520-BDA95356A419}.Release|x86.ActiveCfg = Release|Any CPU
		{39853EA7-4A4C-43BB-9520-BDA95356A419}.Release|x86.Build.0 = Release|Any CPU
		{39853EA7-4A4C-43BB-9520-BDA95356A419}.Release|x86.Deploy.0 = Release|Any CPU
	EndGlobalSection
	GlobalSection(SolutionProperties) = preSolution
		HideSolutionNode = FALSE
	EndGlobalSection
	GlobalSection(ExtensibilityGlobals) = postSolution
		SolutionGuid = {5CA867BC-5072-4104-9F50-AB1A0B611AB3}
	EndGlobalSection
EndGlobal
