
Microsoft Visual Studio Solution File, Format Version 12.00
# Visual Studio Version 16
VisualStudioVersion = 16.0.30621.155
MinimumVisualStudioVersion = 10.0.40219.1
Project("{FAE04EC0-301F-11D3-BF4B-00C04F79EFBC}") = "XFMail.UWP", "XFMail\XFMail.UWP\XFMail.UWP.csproj", "{355F7954-2176-4FB7-85EC-67342AD84435}"
EndProject
Project("{FAE04EC0-301F-11D3-BF4B-00C04F79EFBC}") = "XFMail.Android", "XFMail\XFMail.Android\XFMail.Android.csproj", "{BCEBCD53-564A-4BA0-9021-D95DB72D3984}"
EndProject
Project("{FAE04EC0-301F-11D3-BF4B-00C04F79EFBC}") = "XFMail.iOS", "XFMail\XFMail.iOS\XFMail.iOS.csproj", "{EFEE259D-8478-42FB-AD69-E50075652C44}"
EndProject
Project("{FAE04EC0-301F-11D3-BF4B-00C04F79EFBC}") = "XFMail", "XFMail\XFMail\XFMail.csproj", "{220956ED-3BE7-455D-B1F0-D4D34A51973D}"
EndProject
Global
	GlobalSection(SolutionConfigurationPlatforms) = preSolution
		Debug|Any CPU = Debug|Any CPU
		Debug|ARM = Debug|ARM
		Debug|iPhone = Debug|iPhone
		Debug|iPhoneSimulator = Debug|iPhoneSimulator
		Debug|x64 = Debug|x64
		Debug|x86 = Debug|x86
		Release|Any CPU = Release|Any CPU
		Release|ARM = Release|ARM
		Release|iPhone = Release|iPhone
		Release|iPhoneSimulator = Release|iPhoneSimulator
		Release|x64 = Release|x64
		Release|x86 = Release|x86
	EndGlobalSection
	GlobalSection(ProjectConfigurationPlatforms) = postSolution
		{355F7954-2176-4FB7-85EC-67342AD84435}.Debug|Any CPU.ActiveCfg = Debug|x86
		{355F7954-2176-4FB7-85EC-67342AD84435}.Debug|Any CPU.Build.0 = Debug|x86
		{355F7954-2176-4FB7-85EC-67342AD84435}.Debug|Any CPU.Deploy.0 = Debug|x86
		{355F7954-2176-4FB7-85EC-67342AD84435}.Debug|ARM.ActiveCfg = Debug|ARM
		{355F7954-2176-4FB7-85EC-67342AD84435}.Debug|ARM.Build.0 = Debug|ARM
		{355F7954-2176-4FB7-85EC-67342AD84435}.Debug|ARM.Deploy.0 = Debug|ARM
		{355F7954-2176-4FB7-85EC-67342AD84435}.Debug|iPhone.ActiveCfg = Debug|x86
		{355F7954-2176-4FB7-85EC-67342AD84435}.Debug|iPhone.Build.0 = Debug|x86
		{355F7954-2176-4FB7-85EC-67342AD84435}.Debug|iPhone.Deploy.0 = Debug|x86
		{355F7954-2176-4FB7-85EC-67342AD84435}.Debug|iPhoneSimulator.ActiveCfg = Debug|x86
		{355F7954-2176-4FB7-85EC-67342AD84435}.Debug|iPhoneSimulator.Build.0 = Debug|x86
		{355F7954-2176-4FB7-85EC-67342AD84435}.Debug|iPhoneSimulator.Deploy.0 = Debug|x86
		{355F7954-2176-4FB7-85EC-67342AD84435}.Debug|x64.ActiveCfg = Debug|x64
		{355F7954-2176-4FB7-85EC-67342AD84435}.Debug|x64.Build.0 = Debug|x64
		{355F7954-2176-4FB7-85EC-67342AD84435}.Debug|x64.Deploy.0 = Debug|x64
		{355F7954-2176-4FB7-85EC-67342AD84435}.Debug|x86.ActiveCfg = Debug|x86
		{355F7954-2176-4FB7-85EC-67342AD84435}.Debug|x86.Build.0 = Debug|x86
		{355F7954-2176-4FB7-85EC-67342AD84435}.Debug|x86.Deploy.0 = Debug|x86
		{355F7954-2176-4FB7-85EC-67342AD84435}.Release|Any CPU.ActiveCfg = Release|x86
		{355F7954-2176-4FB7-85EC-67342AD84435}.Release|Any CPU.Build.0 = Release|x86
		{355F7954-2176-4FB7-85EC-67342AD84435}.Release|Any CPU.Deploy.0 = Release|x86
		{355F7954-2176-4FB7-85EC-67342AD84435}.Release|ARM.ActiveCfg = Release|ARM
		{355F7954-2176-4FB7-85EC-67342AD84435}.Release|ARM.Build.0 = Release|ARM
		{355F7954-2176-4FB7-85EC-67342AD84435}.Release|ARM.Deploy.0 = Release|ARM
		{355F7954-2176-4FB7-85EC-67342AD84435}.Release|iPhone.ActiveCfg = Release|x86
		{355F7954-2176-4FB7-85EC-67342AD84435}.Release|iPhone.Build.0 = Release|x86
		{355F7954-2176-4FB7-85EC-67342AD84435}.Release|iPhone.Deploy.0 = Release|x86
		{355F7954-2176-4FB7-85EC-67342AD84435}.Release|iPhoneSimulator.ActiveCfg = Release|x86
		{355F7954-2176-4FB7-85EC-67342AD84435}.Release|iPhoneSimulator.Build.0 = Release|x86
		{355F7954-2176-4FB7-85EC-67342AD84435}.Release|iPhoneSimulator.Deploy.0 = Release|x86
		{355F7954-2176-4FB7-85EC-67342AD84435}.Release|x64.ActiveCfg = Release|x64
		{355F7954-2176-4FB7-85EC-67342AD84435}.Release|x64.Build.0 = Release|x64
		{355F7954-2176-4FB7-85EC-67342AD84435}.Release|x64.Deploy.0 = Release|x64
		{355F7954-2176-4FB7-85EC-67342AD84435}.Release|x86.ActiveCfg = Release|x86
		{355F7954-2176-4FB7-85EC-67342AD84435}.Release|x86.Build.0 = Release|x86
		{355F7954-2176-4FB7-85EC-67342AD84435}.Release|x86.Deploy.0 = Release|x86
		{BCEBCD53-564A-4BA0-9021-D95DB72D3984}.Debug|Any CPU.ActiveCfg = Debug|Any CPU
		{BCEBCD53-564A-4BA0-9021-D95DB72D3984}.Debug|Any CPU.Build.0 = Debug|Any CPU
		{BCEBCD53-564A-4BA0-9021-D95DB72D3984}.Debug|Any CPU.Deploy.0 = Debug|Any CPU
		{BCEBCD53-564A-4BA0-9021-D95DB72D3984}.Debug|ARM.ActiveCfg = Debug|Any CPU
		{BCEBCD53-564A-4BA0-9021-D95DB72D3984}.Debug|ARM.Build.0 = Debug|Any CPU
		{BCEBCD53-564A-4BA0-9021-D95DB72D3984}.Debug|ARM.Deploy.0 = Debug|Any CPU
		{BCEBCD53-564A-4BA0-9021-D95DB72D3984}.Debug|iPhone.ActiveCfg = Debug|Any CPU
		{BCEBCD53-564A-4BA0-9021-D95DB72D3984}.Debug|iPhone.Build.0 = Debug|Any CPU
		{BCEBCD53-564A-4BA0-9021-D95DB72D3984}.Debug|iPhone.Deploy.0 = Debug|Any CPU
		{BCEBCD53-564A-4BA0-9021-D95DB72D3984}.Debug|iPhoneSimulator.ActiveCfg = Debug|Any CPU
		{BCEBCD53-564A-4BA0-9021-D95DB72D3984}.Debug|iPhoneSimulator.Build.0 = Debug|Any CPU
		{BCEBCD53-564A-4BA0-9021-D95DB72D3984}.Debug|iPhoneSimulator.Deploy.0 = Debug|Any CPU
		{BCEBCD53-564A-4BA0-9021-D95DB72D3984}.Debug|x64.ActiveCfg = Debug|Any CPU
		{BCEBCD53-564A-4BA0-9021-D95DB72D3984}.Debug|x64.Build.0 = Debug|Any CPU
		{BCEBCD53-564A-4BA0-9021-D95DB72D3984}.Debug|x64.Deploy.0 = Debug|Any CPU
		{BCEBCD53-564A-4BA0-9021-D95DB72D3984}.Debug|x86.ActiveCfg = Debug|Any CPU
		{BCEBCD53-564A-4BA0-9021-D95DB72D3984}.Debug|x86.Build.0 = Debug|Any CPU
		{BCEBCD53-564A-4BA0-9021-D95DB72D3984}.Debug|x86.Deploy.0 = Debug|Any CPU
		{BCEBCD53-564A-4BA0-9021-D95DB72D3984}.Release|Any CPU.ActiveCfg = Release|Any CPU
		{BCEBCD53-564A-4BA0-9021-D95DB72D3984}.Release|Any CPU.Build.0 = Release|Any CPU
		{BCEBCD53-564A-4BA0-9021-D95DB72D3984}.Release|Any CPU.Deploy.0 = Release|Any CPU
		{BCEBCD53-564A-4BA0-9021-D95DB72D3984}.Release|ARM.ActiveCfg = Release|Any CPU
		{BCEBCD53-564A-4BA0-9021-D95DB72D3984}.Release|ARM.Build.0 = Release|Any CPU
		{BCEBCD53-564A-4BA0-9021-D95DB72D3984}.Release|ARM.Deploy.0 = Release|Any CPU
		{BCEBCD53-564A-4BA0-9021-D95DB72D3984}.Release|iPhone.ActiveCfg = Release|Any CPU
		{BCEBCD53-564A-4BA0-9021-D95DB72D3984}.Release|iPhone.Build.0 = Release|Any CPU
		{BCEBCD53-564A-4BA0-9021-D95DB72D3984}.Release|iPhone.Deploy.0 = Release|Any CPU
		{BCEBCD53-564A-4BA0-9021-D95DB72D3984}.Release|iPhoneSimulator.ActiveCfg = Release|Any CPU
		{BCEBCD53-564A-4BA0-9021-D95DB72D3984}.Release|iPhoneSimulator.Build.0 = Release|Any CPU
		{BCEBCD53-564A-4BA0-9021-D95DB72D3984}.Release|iPhoneSimulator.Deploy.0 = Release|Any CPU
		{BCEBCD53-564A-4BA0-9021-D95DB72D3984}.Release|x64.ActiveCfg = Release|Any CPU
		{BCEBCD53-564A-4BA0-9021-D95DB72D3984}.Release|x64.Build.0 = Release|Any CPU
		{BCEBCD53-564A-4BA0-9021-D95DB72D3984}.Release|x64.Deploy.0 = Release|Any CPU
		{BCEBCD53-564A-4BA0-9021-D95DB72D3984}.Release|x86.ActiveCfg = Release|Any CPU
		{BCEBCD53-564A-4BA0-9021-D95DB72D3984}.Release|x86.Build.0 = Release|Any CPU
		{BCEBCD53-564A-4BA0-9021-D95DB72D3984}.Release|x86.Deploy.0 = Release|Any CPU
		{EFEE259D-8478-42FB-AD69-E50075652C44}.Debug|Any CPU.ActiveCfg = Debug|iPhoneSimulator
		{EFEE259D-8478-42FB-AD69-E50075652C44}.Debug|Any CPU.Build.0 = Debug|iPhoneSimulator
		{EFEE259D-8478-42FB-AD69-E50075652C44}.Debug|Any CPU.Deploy.0 = Debug|iPhoneSimulator
		{EFEE259D-8478-42FB-AD69-E50075652C44}.Debug|ARM.ActiveCfg = Debug|iPhone
		{EFEE259D-8478-42FB-AD69-E50075652C44}.Debug|ARM.Build.0 = Debug|iPhone
		{EFEE259D-8478-42FB-AD69-E50075652C44}.Debug|ARM.Deploy.0 = Debug|iPhone
		{EFEE259D-8478-42FB-AD69-E50075652C44}.Debug|iPhone.ActiveCfg = Debug|iPhone
		{EFEE259D-8478-42FB-AD69-E50075652C44}.Debug|iPhone.Build.0 = Debug|iPhone
		{EFEE259D-8478-42FB-AD69-E50075652C44}.Debug|iPhone.Deploy.0 = Debug|iPhone
		{EFEE259D-8478-42FB-AD69-E50075652C44}.Debug|iPhoneSimulator.ActiveCfg = Debug|iPhoneSimulator
		{EFEE259D-8478-42FB-AD69-E50075652C44}.Debug|iPhoneSimulator.Build.0 = Debug|iPhoneSimulator
		{EFEE259D-8478-42FB-AD69-E50075652C44}.Debug|iPhoneSimulator.Deploy.0 = Debug|iPhoneSimulator
		{EFEE259D-8478-42FB-AD69-E50075652C44}.Debug|x64.ActiveCfg = Debug|iPhoneSimulator
		{EFEE259D-8478-42FB-AD69-E50075652C44}.Debug|x64.Build.0 = Debug|iPhoneSimulator
		{EFEE259D-8478-42FB-AD69-E50075652C44}.Debug|x64.Deploy.0 = Debug|iPhoneSimulator
		{EFEE259D-8478-42FB-AD69-E50075652C44}.Debug|x86.ActiveCfg = Debug|iPhoneSimulator
		{EFEE259D-8478-42FB-AD69-E50075652C44}.Debug|x86.Build.0 = Debug|iPhoneSimulator
		{EFEE259D-8478-42FB-AD69-E50075652C44}.Debug|x86.Deploy.0 = Debug|iPhoneSimulator
		{EFEE259D-8478-42FB-AD69-E50075652C44}.Release|Any CPU.ActiveCfg = Release|iPhoneSimulator
		{EFEE259D-8478-42FB-AD69-E50075652C44}.Release|Any CPU.Build.0 = Release|iPhoneSimulator
		{EFEE259D-8478-42FB-AD69-E50075652C44}.Release|Any CPU.Deploy.0 = Release|iPhoneSimulator
		{EFEE259D-8478-42FB-AD69-E50075652C44}.Release|ARM.ActiveCfg = Release|iPhoneSimulator
		{EFEE259D-8478-42FB-AD69-E50075652C44}.Release|ARM.Build.0 = Release|iPhoneSimulator
		{EFEE259D-8478-42FB-AD69-E50075652C44}.Release|ARM.Deploy.0 = Release|iPhoneSimulator
		{EFEE259D-8478-42FB-AD69-E50075652C44}.Release|iPhone.ActiveCfg = Release|iPhone
		{EFEE259D-8478-42FB-AD69-E50075652C44}.Release|iPhone.Build.0 = Release|iPhone
		{EFEE259D-8478-42FB-AD69-E50075652C44}.Release|iPhone.Deploy.0 = Release|iPhone
		{EFEE259D-8478-42FB-AD69-E50075652C44}.Release|iPhoneSimulator.ActiveCfg = Release|iPhoneSimulator
		{EFEE259D-8478-42FB-AD69-E50075652C44}.Release|iPhoneSimulator.Build.0 = Release|iPhoneSimulator
		{EFEE259D-8478-42FB-AD69-E50075652C44}.Release|iPhoneSimulator.Deploy.0 = Release|iPhoneSimulator
		{EFEE259D-8478-42FB-AD69-E50075652C44}.Release|x64.ActiveCfg = Release|iPhoneSimulator
		{EFEE259D-8478-42FB-AD69-E50075652C44}.Release|x64.Build.0 = Release|iPhoneSimulator
		{EFEE259D-8478-42FB-AD69-E50075652C44}.Release|x64.Deploy.0 = Release|iPhoneSimulator
		{EFEE259D-8478-42FB-AD69-E50075652C44}.Release|x86.ActiveCfg = Release|iPhoneSimulator
		{EFEE259D-8478-42FB-AD69-E50075652C44}.Release|x86.Build.0 = Release|iPhoneSimulator
		{EFEE259D-8478-42FB-AD69-E50075652C44}.Release|x86.Deploy.0 = Release|iPhoneSimulator
		{220956ED-3BE7-455D-B1F0-D4D34A51973D}.Debug|Any CPU.ActiveCfg = Debug|Any CPU
		{220956ED-3BE7-455D-B1F0-D4D34A51973D}.Debug|Any CPU.Build.0 = Debug|Any CPU
		{220956ED-3BE7-455D-B1F0-D4D34A51973D}.Debug|Any CPU.Deploy.0 = Debug|Any CPU
		{220956ED-3BE7-455D-B1F0-D4D34A51973D}.Debug|ARM.ActiveCfg = Debug|Any CPU
		{220956ED-3BE7-455D-B1F0-D4D34A51973D}.Debug|ARM.Build.0 = Debug|Any CPU
		{220956ED-3BE7-455D-B1F0-D4D34A51973D}.Debug|ARM.Deploy.0 = Debug|Any CPU
		{220956ED-3BE7-455D-B1F0-D4D34A51973D}.Debug|iPhone.ActiveCfg = Debug|Any CPU
		{220956ED-3BE7-455D-B1F0-D4D34A51973D}.Debug|iPhone.Build.0 = Debug|Any CPU
		{220956ED-3BE7-455D-B1F0-D4D34A51973D}.Debug|iPhone.Deploy.0 = Debug|Any CPU
		{220956ED-3BE7-455D-B1F0-D4D34A51973D}.Debug|iPhoneSimulator.ActiveCfg = Debug|Any CPU
		{220956ED-3BE7-455D-B1F0-D4D34A51973D}.Debug|iPhoneSimulator.Build.0 = Debug|Any CPU
		{220956ED-3BE7-455D-B1F0-D4D34A51973D}.Debug|iPhoneSimulator.Deploy.0 = Debug|Any CPU
		{220956ED-3BE7-455D-B1F0-D4D34A51973D}.Debug|x64.ActiveCfg = Debug|Any CPU
		{220956ED-3BE7-455D-B1F0-D4D34A51973D}.Debug|x64.Build.0 = Debug|Any CPU
		{220956ED-3BE7-455D-B1F0-D4D34A51973D}.Debug|x64.Deploy.0 = Debug|Any CPU
		{220956ED-3BE7-455D-B1F0-D4D34A51973D}.Debug|x86.ActiveCfg = Debug|Any CPU
		{220956ED-3BE7-455D-B1F0-D4D34A51973D}.Debug|x86.Build.0 = Debug|Any CPU
		{220956ED-3BE7-455D-B1F0-D4D34A51973D}.Debug|x86.Deploy.0 = Debug|Any CPU
		{220956ED-3BE7-455D-B1F0-D4D34A51973D}.Release|Any CPU.ActiveCfg = Release|Any CPU
		{220956ED-3BE7-455D-B1F0-D4D34A51973D}.Release|Any CPU.Build.0 = Release|Any CPU
		{220956ED-3BE7-455D-B1F0-D4D34A51973D}.Release|Any CPU.Deploy.0 = Release|Any CPU
		{220956ED-3BE7-455D-B1F0-D4D34A51973D}.Release|ARM.ActiveCfg = Release|Any CPU
		{220956ED-3BE7-455D-B1F0-D4D34A51973D}.Release|ARM.Build.0 = Release|Any CPU
		{220956ED-3BE7-455D-B1F0-D4D34A51973D}.Release|ARM.Deploy.0 = Release|Any CPU
		{220956ED-3BE7-455D-B1F0-D4D34A51973D}.Release|iPhone.ActiveCfg = Release|Any CPU
		{220956ED-3BE7-455D-B1F0-D4D34A51973D}.Release|iPhone.Build.0 = Release|Any CPU
		{220956ED-3BE7-455D-B1F0-D4D34A51973D}.Release|iPhone.Deploy.0 = Release|Any CPU
		{220956ED-3BE7-455D-B1F0-D4D34A51973D}.Release|iPhoneSimulator.ActiveCfg = Release|Any CPU
		{220956ED-3BE7-455D-B1F0-D4D34A51973D}.Release|iPhoneSimulator.Build.0 = Release|Any CPU
		{220956ED-3BE7-455D-B1F0-D4D34A51973D}.Release|iPhoneSimulator.Deploy.0 = Release|Any CPU
		{220956ED-3BE7-455D-B1F0-D4D34A51973D}.Release|x64.ActiveCfg = Release|Any CPU
		{220956ED-3BE7-455D-B1F0-D4D34A51973D}.Release|x64.Build.0 = Release|Any CPU
		{220956ED-3BE7-455D-B1F0-D4D34A51973D}.Release|x64.Deploy.0 = Release|Any CPU
		{220956ED-3BE7-455D-B1F0-D4D34A51973D}.Release|x86.ActiveCfg = Release|Any CPU
		{220956ED-3BE7-455D-B1F0-D4D34A51973D}.Release|x86.Build.0 = Release|Any CPU
		{220956ED-3BE7-455D-B1F0-D4D34A51973D}.Release|x86.Deploy.0 = Release|Any CPU
	EndGlobalSection
	GlobalSection(SolutionProperties) = preSolution
		HideSolutionNode = FALSE
	EndGlobalSection
	GlobalSection(ExtensibilityGlobals) = postSolution
		SolutionGuid = {D8E586BC-2FCD-4604-8C72-08D9DC7EE0E2}
	EndGlobalSection
EndGlobal
