
Microsoft Visual Studio Solution File, Format Version 12.00
# Visual Studio Version 16
VisualStudioVersion = 16.0.31402.337
MinimumVisualStudioVersion = 10.0.40219.1
Project("{FAE04EC0-301F-11D3-BF4B-00C04F79EFBC}") = "XFFilePicker.UWP", "XFFilePicker\XFFilePicker.UWP\XFFilePicker.UWP.csproj", "{8429BF04-90F0-4429-8CE3-1075887EE5A8}"
EndProject
Project("{FAE04EC0-301F-11D3-BF4B-00C04F79EFBC}") = "XFFilePicker.Android", "XFFilePicker\XFFilePicker.Android\XFFilePicker.Android.csproj", "{C445D721-BBAC-4DA4-9EE7-9A8EFAE1BCEF}"
EndProject
Project("{FAE04EC0-301F-11D3-BF4B-00C04F79EFBC}") = "XFFilePicker.iOS", "XFFilePicker\XFFilePicker.iOS\XFFilePicker.iOS.csproj", "{8ACA4A68-5848-4181-85DE-BFD01D7F694A}"
EndProject
Project("{FAE04EC0-301F-11D3-BF4B-00C04F79EFBC}") = "XFFilePicker", "XFFilePicker\XFFilePicker\XFFilePicker.csproj", "{93FD6C46-765A-468D-9CA8-1BC0E4AD10FA}"
EndProject
Global
	GlobalSection(SolutionConfigurationPlatforms) = preSolution
		Debug|Any CPU = Debug|Any CPU
		Debug|ARM = Debug|ARM
		Debug|iPhone = Debug|iPhone
		Debug|iPhoneSimulator = Debug|iPhoneSimulator
		Debug|x64 = Debug|x64
		Debug|x86 = Debug|x86
		Release|Any CPU = Release|Any CPU
		Release|ARM = Release|ARM
		Release|iPhone = Release|iPhone
		Release|iPhoneSimulator = Release|iPhoneSimulator
		Release|x64 = Release|x64
		Release|x86 = Release|x86
	EndGlobalSection
	GlobalSection(ProjectConfigurationPlatforms) = postSolution
		{8429BF04-90F0-4429-8CE3-1075887EE5A8}.Debug|Any CPU.ActiveCfg = Debug|x86
		{8429BF04-90F0-4429-8CE3-1075887EE5A8}.Debug|Any CPU.Build.0 = Debug|x86
		{8429BF04-90F0-4429-8CE3-1075887EE5A8}.Debug|Any CPU.Deploy.0 = Debug|x86
		{8429BF04-90F0-4429-8CE3-1075887EE5A8}.Debug|ARM.ActiveCfg = Debug|ARM
		{8429BF04-90F0-4429-8CE3-1075887EE5A8}.Debug|ARM.Build.0 = Debug|ARM
		{8429BF04-90F0-4429-8CE3-1075887EE5A8}.Debug|ARM.Deploy.0 = Debug|ARM
		{8429BF04-90F0-4429-8CE3-1075887EE5A8}.Debug|iPhone.ActiveCfg = Debug|x86
		{8429BF04-90F0-4429-8CE3-1075887EE5A8}.Debug|iPhone.Build.0 = Debug|x86
		{8429BF04-90F0-4429-8CE3-1075887EE5A8}.Debug|iPhone.Deploy.0 = Debug|x86
		{8429BF04-90F0-4429-8CE3-1075887EE5A8}.Debug|iPhoneSimulator.ActiveCfg = Debug|x86
		{8429BF04-90F0-4429-8CE3-1075887EE5A8}.Debug|iPhoneSimulator.Build.0 = Debug|x86
		{8429BF04-90F0-4429-8CE3-1075887EE5A8}.Debug|iPhoneSimulator.Deploy.0 = Debug|x86
		{8429BF04-90F0-4429-8CE3-1075887EE5A8}.Debug|x64.ActiveCfg = Debug|x64
		{8429BF04-90F0-4429-8CE3-1075887EE5A8}.Debug|x64.Build.0 = Debug|x64
		{8429BF04-90F0-4429-8CE3-1075887EE5A8}.Debug|x64.Deploy.0 = Debug|x64
		{8429BF04-90F0-4429-8CE3-1075887EE5A8}.Debug|x86.ActiveCfg = Debug|x86
		{8429BF04-90F0-4429-8CE3-1075887EE5A8}.Debug|x86.Build.0 = Debug|x86
		{8429BF04-90F0-4429-8CE3-1075887EE5A8}.Debug|x86.Deploy.0 = Debug|x86
		{8429BF04-90F0-4429-8CE3-1075887EE5A8}.Release|Any CPU.ActiveCfg = Release|x86
		{8429BF04-90F0-4429-8CE3-1075887EE5A8}.Release|Any CPU.Build.0 = Release|x86
		{8429BF04-90F0-4429-8CE3-1075887EE5A8}.Release|Any CPU.Deploy.0 = Release|x86
		{8429BF04-90F0-4429-8CE3-1075887EE5A8}.Release|ARM.ActiveCfg = Release|ARM
		{8429BF04-90F0-4429-8CE3-1075887EE5A8}.Release|ARM.Build.0 = Release|ARM
		{8429BF04-90F0-4429-8CE3-1075887EE5A8}.Release|ARM.Deploy.0 = Release|ARM
		{8429BF04-90F0-4429-8CE3-1075887EE5A8}.Release|iPhone.ActiveCfg = Release|x86
		{8429BF04-90F0-4429-8CE3-1075887EE5A8}.Release|iPhone.Build.0 = Release|x86
		{8429BF04-90F0-4429-8CE3-1075887EE5A8}.Release|iPhone.Deploy.0 = Release|x86
		{8429BF04-90F0-4429-8CE3-1075887EE5A8}.Release|iPhoneSimulator.ActiveCfg = Release|x86
		{8429BF04-90F0-4429-8CE3-1075887EE5A8}.Release|iPhoneSimulator.Build.0 = Release|x86
		{8429BF04-90F0-4429-8CE3-1075887EE5A8}.Release|iPhoneSimulator.Deploy.0 = Release|x86
		{8429BF04-90F0-4429-8CE3-1075887EE5A8}.Release|x64.ActiveCfg = Release|x64
		{8429BF04-90F0-4429-8CE3-1075887EE5A8}.Release|x64.Build.0 = Release|x64
		{8429BF04-90F0-4429-8CE3-1075887EE5A8}.Release|x64.Deploy.0 = Release|x64
		{8429BF04-90F0-4429-8CE3-1075887EE5A8}.Release|x86.ActiveCfg = Release|x86
		{8429BF04-90F0-4429-8CE3-1075887EE5A8}.Release|x86.Build.0 = Release|x86
		{8429BF04-90F0-4429-8CE3-1075887EE5A8}.Release|x86.Deploy.0 = Release|x86
		{C445D721-BBAC-4DA4-9EE7-9A8EFAE1BCEF}.Debug|Any CPU.ActiveCfg = Debug|Any CPU
		{C445D721-BBAC-4DA4-9EE7-9A8EFAE1BCEF}.Debug|Any CPU.Build.0 = Debug|Any CPU
		{C445D721-BBAC-4DA4-9EE7-9A8EFAE1BCEF}.Debug|Any CPU.Deploy.0 = Debug|Any CPU
		{C445D721-BBAC-4DA4-9EE7-9A8EFAE1BCEF}.Debug|ARM.ActiveCfg = Debug|Any CPU
		{C445D721-BBAC-4DA4-9EE7-9A8EFAE1BCEF}.Debug|ARM.Build.0 = Debug|Any CPU
		{C445D721-BBAC-4DA4-9EE7-9A8EFAE1BCEF}.Debug|ARM.Deploy.0 = Debug|Any CPU
		{C445D721-BBAC-4DA4-9EE7-9A8EFAE1BCEF}.Debug|iPhone.ActiveCfg = Debug|Any CPU
		{C445D721-BBAC-4DA4-9EE7-9A8EFAE1BCEF}.Debug|iPhone.Build.0 = Debug|Any CPU
		{C445D721-BBAC-4DA4-9EE7-9A8EFAE1BCEF}.Debug|iPhone.Deploy.0 = Debug|Any CPU
		{C445D721-BBAC-4DA4-9EE7-9A8EFAE1BCEF}.Debug|iPhoneSimulator.ActiveCfg = Debug|Any CPU
		{C445D721-BBAC-4DA4-9EE7-9A8EFAE1BCEF}.Debug|iPhoneSimulator.Build.0 = Debug|Any CPU
		{C445D721-BBAC-4DA4-9EE7-9A8EFAE1BCEF}.Debug|iPhoneSimulator.Deploy.0 = Debug|Any CPU
		{C445D721-BBAC-4DA4-9EE7-9A8EFAE1BCEF}.Debug|x64.ActiveCfg = Debug|Any CPU
		{C445D721-BBAC-4DA4-9EE7-9A8EFAE1BCEF}.Debug|x64.Build.0 = Debug|Any CPU
		{C445D721-BBAC-4DA4-9EE7-9A8EFAE1BCEF}.Debug|x64.Deploy.0 = Debug|Any CPU
		{C445D721-BBAC-4DA4-9EE7-9A8EFAE1BCEF}.Debug|x86.ActiveCfg = Debug|Any CPU
		{C445D721-BBAC-4DA4-9EE7-9A8EFAE1BCEF}.Debug|x86.Build.0 = Debug|Any CPU
		{C445D721-BBAC-4DA4-9EE7-9A8EFAE1BCEF}.Debug|x86.Deploy.0 = Debug|Any CPU
		{C445D721-BBAC-4DA4-9EE7-9A8EFAE1BCEF}.Release|Any CPU.ActiveCfg = Release|Any CPU
		{C445D721-BBAC-4DA4-9EE7-9A8EFAE1BCEF}.Release|Any CPU.Build.0 = Release|Any CPU
		{C445D721-BBAC-4DA4-9EE7-9A8EFAE1BCEF}.Release|Any CPU.Deploy.0 = Release|Any CPU
		{C445D721-BBAC-4DA4-9EE7-9A8EFAE1BCEF}.Release|ARM.ActiveCfg = Release|Any CPU
		{C445D721-BBAC-4DA4-9EE7-9A8EFAE1BCEF}.Release|ARM.Build.0 = Release|Any CPU
		{C445D721-BBAC-4DA4-9EE7-9A8EFAE1BCEF}.Release|ARM.Deploy.0 = Release|Any CPU
		{C445D721-BBAC-4DA4-9EE7-9A8EFAE1BCEF}.Release|iPhone.ActiveCfg = Release|Any CPU
		{C445D721-BBAC-4DA4-9EE7-9A8EFAE1BCEF}.Release|iPhone.Build.0 = Release|Any CPU
		{C445D721-BBAC-4DA4-9EE7-9A8EFAE1BCEF}.Release|iPhone.Deploy.0 = Release|Any CPU
		{C445D721-BBAC-4DA4-9EE7-9A8EFAE1BCEF}.Release|iPhoneSimulator.ActiveCfg = Release|Any CPU
		{C445D721-BBAC-4DA4-9EE7-9A8EFAE1BCEF}.Release|iPhoneSimulator.Build.0 = Release|Any CPU
		{C445D721-BBAC-4DA4-9EE7-9A8EFAE1BCEF}.Release|iPhoneSimulator.Deploy.0 = Release|Any CPU
		{C445D721-BBAC-4DA4-9EE7-9A8EFAE1BCEF}.Release|x64.ActiveCfg = Release|Any CPU
		{C445D721-BBAC-4DA4-9EE7-9A8EFAE1BCEF}.Release|x64.Build.0 = Release|Any CPU
		{C445D721-BBAC-4DA4-9EE7-9A8EFAE1BCEF}.Release|x64.Deploy.0 = Release|Any CPU
		{C445D721-BBAC-4DA4-9EE7-9A8EFAE1BCEF}.Release|x86.ActiveCfg = Release|Any CPU
		{C445D721-BBAC-4DA4-9EE7-9A8EFAE1BCEF}.Release|x86.Build.0 = Release|Any CPU
		{C445D721-BBAC-4DA4-9EE7-9A8EFAE1BCEF}.Release|x86.Deploy.0 = Release|Any CPU
		{8ACA4A68-5848-4181-85DE-BFD01D7F694A}.Debug|Any CPU.ActiveCfg = Debug|iPhoneSimulator
		{8ACA4A68-5848-4181-85DE-BFD01D7F694A}.Debug|Any CPU.Build.0 = Debug|iPhoneSimulator
		{8ACA4A68-5848-4181-85DE-BFD01D7F694A}.Debug|Any CPU.Deploy.0 = Debug|iPhoneSimulator
		{8ACA4A68-5848-4181-85DE-BFD01D7F694A}.Debug|ARM.ActiveCfg = Debug|iPhone
		{8ACA4A68-5848-4181-85DE-BFD01D7F694A}.Debug|ARM.Build.0 = Debug|iPhone
		{8ACA4A68-5848-4181-85DE-BFD01D7F694A}.Debug|ARM.Deploy.0 = Debug|iPhone
		{8ACA4A68-5848-4181-85DE-BFD01D7F694A}.Debug|iPhone.ActiveCfg = Debug|iPhone
		{8ACA4A68-5848-4181-85DE-BFD01D7F694A}.Debug|iPhone.Build.0 = Debug|iPhone
		{8ACA4A68-5848-4181-85DE-BFD01D7F694A}.Debug|iPhone.Deploy.0 = Debug|iPhone
		{8ACA4A68-5848-4181-85DE-BFD01D7F694A}.Debug|iPhoneSimulator.ActiveCfg = Debug|iPhoneSimulator
		{8ACA4A68-5848-4181-85DE-BFD01D7F694A}.Debug|iPhoneSimulator.Build.0 = Debug|iPhoneSimulator
		{8ACA4A68-5848-4181-85DE-BFD01D7F694A}.Debug|iPhoneSimulator.Deploy.0 = Debug|iPhoneSimulator
		{8ACA4A68-5848-4181-85DE-BFD01D7F694A}.Debug|x64.ActiveCfg = Debug|iPhoneSimulator
		{8ACA4A68-5848-4181-85DE-BFD01D7F694A}.Debug|x64.Build.0 = Debug|iPhoneSimulator
		{8ACA4A68-5848-4181-85DE-BFD01D7F694A}.Debug|x64.Deploy.0 = Debug|iPhoneSimulator
		{8ACA4A68-5848-4181-85DE-BFD01D7F694A}.Debug|x86.ActiveCfg = Debug|iPhoneSimulator
		{8ACA4A68-5848-4181-85DE-BFD01D7F694A}.Debug|x86.Build.0 = Debug|iPhoneSimulator
		{8ACA4A68-5848-4181-85DE-BFD01D7F694A}.Debug|x86.Deploy.0 = Debug|iPhoneSimulator
		{8ACA4A68-5848-4181-85DE-BFD01D7F694A}.Release|Any CPU.ActiveCfg = Release|iPhoneSimulator
		{8ACA4A68-5848-4181-85DE-BFD01D7F694A}.Release|Any CPU.Build.0 = Release|iPhoneSimulator
		{8ACA4A68-5848-4181-85DE-BFD01D7F694A}.Release|Any CPU.Deploy.0 = Release|iPhoneSimulator
		{8ACA4A68-5848-4181-85DE-BFD01D7F694A}.Release|ARM.ActiveCfg = Release|iPhoneSimulator
		{8ACA4A68-5848-4181-85DE-BFD01D7F694A}.Release|ARM.Build.0 = Release|iPhoneSimulator
		{8ACA4A68-5848-4181-85DE-BFD01D7F694A}.Release|ARM.Deploy.0 = Release|iPhoneSimulator
		{8ACA4A68-5848-4181-85DE-BFD01D7F694A}.Release|iPhone.ActiveCfg = Release|iPhone
		{8ACA4A68-5848-4181-85DE-BFD01D7F694A}.Release|iPhone.Build.0 = Release|iPhone
		{8ACA4A68-5848-4181-85DE-BFD01D7F694A}.Release|iPhone.Deploy.0 = Release|iPhone
		{8ACA4A68-5848-4181-85DE-BFD01D7F694A}.Release|iPhoneSimulator.ActiveCfg = Release|iPhoneSimulator
		{8ACA4A68-5848-4181-85DE-BFD01D7F694A}.Release|iPhoneSimulator.Build.0 = Release|iPhoneSimulator
		{8ACA4A68-5848-4181-85DE-BFD01D7F694A}.Release|iPhoneSimulator.Deploy.0 = Release|iPhoneSimulator
		{8ACA4A68-5848-4181-85DE-BFD01D7F694A}.Release|x64.ActiveCfg = Release|iPhoneSimulator
		{8ACA4A68-5848-4181-85DE-BFD01D7F694A}.Release|x64.Build.0 = Release|iPhoneSimulator
		{8ACA4A68-5848-4181-85DE-BFD01D7F694A}.Release|x64.Deploy.0 = Release|iPhoneSimulator
		{8ACA4A68-5848-4181-85DE-BFD01D7F694A}.Release|x86.ActiveCfg = Release|iPhoneSimulator
		{8ACA4A68-5848-4181-85DE-BFD01D7F694A}.Release|x86.Build.0 = Release|iPhoneSimulator
		{8ACA4A68-5848-4181-85DE-BFD01D7F694A}.Release|x86.Deploy.0 = Release|iPhoneSimulator
		{93FD6C46-765A-468D-9CA8-1BC0E4AD10FA}.Debug|Any CPU.ActiveCfg = Debug|Any CPU
		{93FD6C46-765A-468D-9CA8-1BC0E4AD10FA}.Debug|Any CPU.Build.0 = Debug|Any CPU
		{93FD6C46-765A-468D-9CA8-1BC0E4AD10FA}.Debug|Any CPU.Deploy.0 = Debug|Any CPU
		{93FD6C46-765A-468D-9CA8-1BC0E4AD10FA}.Debug|ARM.ActiveCfg = Debug|Any CPU
		{93FD6C46-765A-468D-9CA8-1BC0E4AD10FA}.Debug|ARM.Build.0 = Debug|Any CPU
		{93FD6C46-765A-468D-9CA8-1BC0E4AD10FA}.Debug|ARM.Deploy.0 = Debug|Any CPU
		{93FD6C46-765A-468D-9CA8-1BC0E4AD10FA}.Debug|iPhone.ActiveCfg = Debug|Any CPU
		{93FD6C46-765A-468D-9CA8-1BC0E4AD10FA}.Debug|iPhone.Build.0 = Debug|Any CPU
		{93FD6C46-765A-468D-9CA8-1BC0E4AD10FA}.Debug|iPhone.Deploy.0 = Debug|Any CPU
		{93FD6C46-765A-468D-9CA8-1BC0E4AD10FA}.Debug|iPhoneSimulator.ActiveCfg = Debug|Any CPU
		{93FD6C46-765A-468D-9CA8-1BC0E4AD10FA}.Debug|iPhoneSimulator.Build.0 = Debug|Any CPU
		{93FD6C46-765A-468D-9CA8-1BC0E4AD10FA}.Debug|iPhoneSimulator.Deploy.0 = Debug|Any CPU
		{93FD6C46-765A-468D-9CA8-1BC0E4AD10FA}.Debug|x64.ActiveCfg = Debug|Any CPU
		{93FD6C46-765A-468D-9CA8-1BC0E4AD10FA}.Debug|x64.Build.0 = Debug|Any CPU
		{93FD6C46-765A-468D-9CA8-1BC0E4AD10FA}.Debug|x64.Deploy.0 = Debug|Any CPU
		{93FD6C46-765A-468D-9CA8-1BC0E4AD10FA}.Debug|x86.ActiveCfg = Debug|Any CPU
		{93FD6C46-765A-468D-9CA8-1BC0E4AD10FA}.Debug|x86.Build.0 = Debug|Any CPU
		{93FD6C46-765A-468D-9CA8-1BC0E4AD10FA}.Debug|x86.Deploy.0 = Debug|Any CPU
		{93FD6C46-765A-468D-9CA8-1BC0E4AD10FA}.Release|Any CPU.ActiveCfg = Release|Any CPU
		{93FD6C46-765A-468D-9CA8-1BC0E4AD10FA}.Release|Any CPU.Build.0 = Release|Any CPU
		{93FD6C46-765A-468D-9CA8-1BC0E4AD10FA}.Release|Any CPU.Deploy.0 = Release|Any CPU
		{93FD6C46-765A-468D-9CA8-1BC0E4AD10FA}.Release|ARM.ActiveCfg = Release|Any CPU
		{93FD6C46-765A-468D-9CA8-1BC0E4AD10FA}.Release|ARM.Build.0 = Release|Any CPU
		{93FD6C46-765A-468D-9CA8-1BC0E4AD10FA}.Release|ARM.Deploy.0 = Release|Any CPU
		{93FD6C46-765A-468D-9CA8-1BC0E4AD10FA}.Release|iPhone.ActiveCfg = Release|Any CPU
		{93FD6C46-765A-468D-9CA8-1BC0E4AD10FA}.Release|iPhone.Build.0 = Release|Any CPU
		{93FD6C46-765A-468D-9CA8-1BC0E4AD10FA}.Release|iPhone.Deploy.0 = Release|Any CPU
		{93FD6C46-765A-468D-9CA8-1BC0E4AD10FA}.Release|iPhoneSimulator.ActiveCfg = Release|Any CPU
		{93FD6C46-765A-468D-9CA8-1BC0E4AD10FA}.Release|iPhoneSimulator.Build.0 = Release|Any CPU
		{93FD6C46-765A-468D-9CA8-1BC0E4AD10FA}.Release|iPhoneSimulator.Deploy.0 = Release|Any CPU
		{93FD6C46-765A-468D-9CA8-1BC0E4AD10FA}.Release|x64.ActiveCfg = Release|Any CPU
		{93FD6C46-765A-468D-9CA8-1BC0E4AD10FA}.Release|x64.Build.0 = Release|Any CPU
		{93FD6C46-765A-468D-9CA8-1BC0E4AD10FA}.Release|x64.Deploy.0 = Release|Any CPU
		{93FD6C46-765A-468D-9CA8-1BC0E4AD10FA}.Release|x86.ActiveCfg = Release|Any CPU
		{93FD6C46-765A-468D-9CA8-1BC0E4AD10FA}.Release|x86.Build.0 = Release|Any CPU
		{93FD6C46-765A-468D-9CA8-1BC0E4AD10FA}.Release|x86.Deploy.0 = Release|Any CPU
	EndGlobalSection
	GlobalSection(SolutionProperties) = preSolution
		HideSolutionNode = FALSE
	EndGlobalSection
	GlobalSection(ExtensibilityGlobals) = postSolution
		SolutionGuid = {67ABF3F4-9145-47E2-8047-8EB5A6C3F2D1}
	EndGlobalSection
EndGlobal
