
Microsoft Visual Studio Solution File, Format Version 12.00
# Visual Studio Version 16
VisualStudioVersion = 16.0.30907.101
MinimumVisualStudioVersion = 10.0.40219.1
Project("{FAE04EC0-301F-11D3-BF4B-00C04F79EFBC}") = "XFAccelerometer.UWP", "XFAccelerometer\XFAccelerometer.UWP\XFAccelerometer.UWP.csproj", "{4F0FF345-FC7D-45C4-B0CC-C57B81D5DC90}"
EndProject
Project("{FAE04EC0-301F-11D3-BF4B-00C04F79EFBC}") = "XFAccelerometer.Android", "XFAccelerometer\XFAccelerometer.Android\XFAccelerometer.Android.csproj", "{85A8F343-9B5D-4C1F-88F1-DF2A3E55C364}"
EndProject
Project("{FAE04EC0-301F-11D3-BF4B-00C04F79EFBC}") = "XFAccelerometer.iOS", "XFAccelerometer\XFAccelerometer.iOS\XFAccelerometer.iOS.csproj", "{71C67D92-AEB0-4848-8A21-B6C7A338505A}"
EndProject
Project("{FAE04EC0-301F-11D3-BF4B-00C04F79EFBC}") = "XFAccelerometer", "XFAccelerometer\XFAccelerometer\XFAccelerometer.csproj", "{A9CCF6C6-1883-47A4-ADC5-8F75C45CDA61}"
EndProject
Global
	GlobalSection(SolutionConfigurationPlatforms) = preSolution
		Debug|Any CPU = Debug|Any CPU
		Debug|ARM = Debug|ARM
		Debug|iPhone = Debug|iPhone
		Debug|iPhoneSimulator = Debug|iPhoneSimulator
		Debug|x64 = Debug|x64
		Debug|x86 = Debug|x86
		Release|Any CPU = Release|Any CPU
		Release|ARM = Release|ARM
		Release|iPhone = Release|iPhone
		Release|iPhoneSimulator = Release|iPhoneSimulator
		Release|x64 = Release|x64
		Release|x86 = Release|x86
	EndGlobalSection
	GlobalSection(ProjectConfigurationPlatforms) = postSolution
		{4F0FF345-FC7D-45C4-B0CC-C57B81D5DC90}.Debug|Any CPU.ActiveCfg = Debug|x86
		{4F0FF345-FC7D-45C4-B0CC-C57B81D5DC90}.Debug|Any CPU.Build.0 = Debug|x86
		{4F0FF345-FC7D-45C4-B0CC-C57B81D5DC90}.Debug|Any CPU.Deploy.0 = Debug|x86
		{4F0FF345-FC7D-45C4-B0CC-C57B81D5DC90}.Debug|ARM.ActiveCfg = Debug|ARM
		{4F0FF345-FC7D-45C4-B0CC-C57B81D5DC90}.Debug|ARM.Build.0 = Debug|ARM
		{4F0FF345-FC7D-45C4-B0CC-C57B81D5DC90}.Debug|ARM.Deploy.0 = Debug|ARM
		{4F0FF345-FC7D-45C4-B0CC-C57B81D5DC90}.Debug|iPhone.ActiveCfg = Debug|x86
		{4F0FF345-FC7D-45C4-B0CC-C57B81D5DC90}.Debug|iPhone.Build.0 = Debug|x86
		{4F0FF345-FC7D-45C4-B0CC-C57B81D5DC90}.Debug|iPhone.Deploy.0 = Debug|x86
		{4F0FF345-FC7D-45C4-B0CC-C57B81D5DC90}.Debug|iPhoneSimulator.ActiveCfg = Debug|x86
		{4F0FF345-FC7D-45C4-B0CC-C57B81D5DC90}.Debug|iPhoneSimulator.Build.0 = Debug|x86
		{4F0FF345-FC7D-45C4-B0CC-C57B81D5DC90}.Debug|iPhoneSimulator.Deploy.0 = Debug|x86
		{4F0FF345-FC7D-45C4-B0CC-C57B81D5DC90}.Debug|x64.ActiveCfg = Debug|x64
		{4F0FF345-FC7D-45C4-B0CC-C57B81D5DC90}.Debug|x64.Build.0 = Debug|x64
		{4F0FF345-FC7D-45C4-B0CC-C57B81D5DC90}.Debug|x64.Deploy.0 = Debug|x64
		{4F0FF345-FC7D-45C4-B0CC-C57B81D5DC90}.Debug|x86.ActiveCfg = Debug|x86
		{4F0FF345-FC7D-45C4-B0CC-C57B81D5DC90}.Debug|x86.Build.0 = Debug|x86
		{4F0FF345-FC7D-45C4-B0CC-C57B81D5DC90}.Debug|x86.Deploy.0 = Debug|x86
		{4F0FF345-FC7D-45C4-B0CC-C57B81D5DC90}.Release|Any CPU.ActiveCfg = Release|x86
		{4F0FF345-FC7D-45C4-B0CC-C57B81D5DC90}.Release|Any CPU.Build.0 = Release|x86
		{4F0FF345-FC7D-45C4-B0CC-C57B81D5DC90}.Release|Any CPU.Deploy.0 = Release|x86
		{4F0FF345-FC7D-45C4-B0CC-C57B81D5DC90}.Release|ARM.ActiveCfg = Release|ARM
		{4F0FF345-FC7D-45C4-B0CC-C57B81D5DC90}.Release|ARM.Build.0 = Release|ARM
		{4F0FF345-FC7D-45C4-B0CC-C57B81D5DC90}.Release|ARM.Deploy.0 = Release|ARM
		{4F0FF345-FC7D-45C4-B0CC-C57B81D5DC90}.Release|iPhone.ActiveCfg = Release|x86
		{4F0FF345-FC7D-45C4-B0CC-C57B81D5DC90}.Release|iPhone.Build.0 = Release|x86
		{4F0FF345-FC7D-45C4-B0CC-C57B81D5DC90}.Release|iPhone.Deploy.0 = Release|x86
		{4F0FF345-FC7D-45C4-B0CC-C57B81D5DC90}.Release|iPhoneSimulator.ActiveCfg = Release|x86
		{4F0FF345-FC7D-45C4-B0CC-C57B81D5DC90}.Release|iPhoneSimulator.Build.0 = Release|x86
		{4F0FF345-FC7D-45C4-B0CC-C57B81D5DC90}.Release|iPhoneSimulator.Deploy.0 = Release|x86
		{4F0FF345-FC7D-45C4-B0CC-C57B81D5DC90}.Release|x64.ActiveCfg = Release|x64
		{4F0FF345-FC7D-45C4-B0CC-C57B81D5DC90}.Release|x64.Build.0 = Release|x64
		{4F0FF345-FC7D-45C4-B0CC-C57B81D5DC90}.Release|x64.Deploy.0 = Release|x64
		{4F0FF345-FC7D-45C4-B0CC-C57B81D5DC90}.Release|x86.ActiveCfg = Release|x86
		{4F0FF345-FC7D-45C4-B0CC-C57B81D5DC90}.Release|x86.Build.0 = Release|x86
		{4F0FF345-FC7D-45C4-B0CC-C57B81D5DC90}.Release|x86.Deploy.0 = Release|x86
		{85A8F343-9B5D-4C1F-88F1-DF2A3E55C364}.Debug|Any CPU.ActiveCfg = Debug|Any CPU
		{85A8F343-9B5D-4C1F-88F1-DF2A3E55C364}.Debug|Any CPU.Build.0 = Debug|Any CPU
		{85A8F343-9B5D-4C1F-88F1-DF2A3E55C364}.Debug|Any CPU.Deploy.0 = Debug|Any CPU
		{85A8F343-9B5D-4C1F-88F1-DF2A3E55C364}.Debug|ARM.ActiveCfg = Debug|Any CPU
		{85A8F343-9B5D-4C1F-88F1-DF2A3E55C364}.Debug|ARM.Build.0 = Debug|Any CPU
		{85A8F343-9B5D-4C1F-88F1-DF2A3E55C364}.Debug|ARM.Deploy.0 = Debug|Any CPU
		{85A8F343-9B5D-4C1F-88F1-DF2A3E55C364}.Debug|iPhone.ActiveCfg = Debug|Any CPU
		{85A8F343-9B5D-4C1F-88F1-DF2A3E55C364}.Debug|iPhone.Build.0 = Debug|Any CPU
		{85A8F343-9B5D-4C1F-88F1-DF2A3E55C364}.Debug|iPhone.Deploy.0 = Debug|Any CPU
		{85A8F343-9B5D-4C1F-88F1-DF2A3E55C364}.Debug|iPhoneSimulator.ActiveCfg = Debug|Any CPU
		{85A8F343-9B5D-4C1F-88F1-DF2A3E55C364}.Debug|iPhoneSimulator.Build.0 = Debug|Any CPU
		{85A8F343-9B5D-4C1F-88F1-DF2A3E55C364}.Debug|iPhoneSimulator.Deploy.0 = Debug|Any CPU
		{85A8F343-9B5D-4C1F-88F1-DF2A3E55C364}.Debug|x64.ActiveCfg = Debug|Any CPU
		{85A8F343-9B5D-4C1F-88F1-DF2A3E55C364}.Debug|x64.Build.0 = Debug|Any CPU
		{85A8F343-9B5D-4C1F-88F1-DF2A3E55C364}.Debug|x64.Deploy.0 = Debug|Any CPU
		{85A8F343-9B5D-4C1F-88F1-DF2A3E55C364}.Debug|x86.ActiveCfg = Debug|Any CPU
		{85A8F343-9B5D-4C1F-88F1-DF2A3E55C364}.Debug|x86.Build.0 = Debug|Any CPU
		{85A8F343-9B5D-4C1F-88F1-DF2A3E55C364}.Debug|x86.Deploy.0 = Debug|Any CPU
		{85A8F343-9B5D-4C1F-88F1-DF2A3E55C364}.Release|Any CPU.ActiveCfg = Release|Any CPU
		{85A8F343-9B5D-4C1F-88F1-DF2A3E55C364}.Release|Any CPU.Build.0 = Release|Any CPU
		{85A8F343-9B5D-4C1F-88F1-DF2A3E55C364}.Release|Any CPU.Deploy.0 = Release|Any CPU
		{85A8F343-9B5D-4C1F-88F1-DF2A3E55C364}.Release|ARM.ActiveCfg = Release|Any CPU
		{85A8F343-9B5D-4C1F-88F1-DF2A3E55C364}.Release|ARM.Build.0 = Release|Any CPU
		{85A8F343-9B5D-4C1F-88F1-DF2A3E55C364}.Release|ARM.Deploy.0 = Release|Any CPU
		{85A8F343-9B5D-4C1F-88F1-DF2A3E55C364}.Release|iPhone.ActiveCfg = Release|Any CPU
		{85A8F343-9B5D-4C1F-88F1-DF2A3E55C364}.Release|iPhone.Build.0 = Release|Any CPU
		{85A8F343-9B5D-4C1F-88F1-DF2A3E55C364}.Release|iPhone.Deploy.0 = Release|Any CPU
		{85A8F343-9B5D-4C1F-88F1-DF2A3E55C364}.Release|iPhoneSimulator.ActiveCfg = Release|Any CPU
		{85A8F343-9B5D-4C1F-88F1-DF2A3E55C364}.Release|iPhoneSimulator.Build.0 = Release|Any CPU
		{85A8F343-9B5D-4C1F-88F1-DF2A3E55C364}.Release|iPhoneSimulator.Deploy.0 = Release|Any CPU
		{85A8F343-9B5D-4C1F-88F1-DF2A3E55C364}.Release|x64.ActiveCfg = Release|Any CPU
		{85A8F343-9B5D-4C1F-88F1-DF2A3E55C364}.Release|x64.Build.0 = Release|Any CPU
		{85A8F343-9B5D-4C1F-88F1-DF2A3E55C364}.Release|x64.Deploy.0 = Release|Any CPU
		{85A8F343-9B5D-4C1F-88F1-DF2A3E55C364}.Release|x86.ActiveCfg = Release|Any CPU
		{85A8F343-9B5D-4C1F-88F1-DF2A3E55C364}.Release|x86.Build.0 = Release|Any CPU
		{85A8F343-9B5D-4C1F-88F1-DF2A3E55C364}.Release|x86.Deploy.0 = Release|Any CPU
		{71C67D92-AEB0-4848-8A21-B6C7A338505A}.Debug|Any CPU.ActiveCfg = Debug|iPhoneSimulator
		{71C67D92-AEB0-4848-8A21-B6C7A338505A}.Debug|Any CPU.Build.0 = Debug|iPhoneSimulator
		{71C67D92-AEB0-4848-8A21-B6C7A338505A}.Debug|Any CPU.Deploy.0 = Debug|iPhoneSimulator
		{71C67D92-AEB0-4848-8A21-B6C7A338505A}.Debug|ARM.ActiveCfg = Debug|iPhone
		{71C67D92-AEB0-4848-8A21-B6C7A338505A}.Debug|ARM.Build.0 = Debug|iPhone
		{71C67D92-AEB0-4848-8A21-B6C7A338505A}.Debug|ARM.Deploy.0 = Debug|iPhone
		{71C67D92-AEB0-4848-8A21-B6C7A338505A}.Debug|iPhone.ActiveCfg = Debug|iPhone
		{71C67D92-AEB0-4848-8A21-B6C7A338505A}.Debug|iPhone.Build.0 = Debug|iPhone
		{71C67D92-AEB0-4848-8A21-B6C7A338505A}.Debug|iPhone.Deploy.0 = Debug|iPhone
		{71C67D92-AEB0-4848-8A21-B6C7A338505A}.Debug|iPhoneSimulator.ActiveCfg = Debug|iPhoneSimulator
		{71C67D92-AEB0-4848-8A21-B6C7A338505A}.Debug|iPhoneSimulator.Build.0 = Debug|iPhoneSimulator
		{71C67D92-AEB0-4848-8A21-B6C7A338505A}.Debug|iPhoneSimulator.Deploy.0 = Debug|iPhoneSimulator
		{71C67D92-AEB0-4848-8A21-B6C7A338505A}.Debug|x64.ActiveCfg = Debug|iPhoneSimulator
		{71C67D92-AEB0-4848-8A21-B6C7A338505A}.Debug|x64.Build.0 = Debug|iPhoneSimulator
		{71C67D92-AEB0-4848-8A21-B6C7A338505A}.Debug|x64.Deploy.0 = Debug|iPhoneSimulator
		{71C67D92-AEB0-4848-8A21-B6C7A338505A}.Debug|x86.ActiveCfg = Debug|iPhoneSimulator
		{71C67D92-AEB0-4848-8A21-B6C7A338505A}.Debug|x86.Build.0 = Debug|iPhoneSimulator
		{71C67D92-AEB0-4848-8A21-B6C7A338505A}.Debug|x86.Deploy.0 = Debug|iPhoneSimulator
		{71C67D92-AEB0-4848-8A21-B6C7A338505A}.Release|Any CPU.ActiveCfg = Release|iPhoneSimulator
		{71C67D92-AEB0-4848-8A21-B6C7A338505A}.Release|Any CPU.Build.0 = Release|iPhoneSimulator
		{71C67D92-AEB0-4848-8A21-B6C7A338505A}.Release|Any CPU.Deploy.0 = Release|iPhoneSimulator
		{71C67D92-AEB0-4848-8A21-B6C7A338505A}.Release|ARM.ActiveCfg = Release|iPhoneSimulator
		{71C67D92-AEB0-4848-8A21-B6C7A338505A}.Release|ARM.Build.0 = Release|iPhoneSimulator
		{71C67D92-AEB0-4848-8A21-B6C7A338505A}.Release|ARM.Deploy.0 = Release|iPhoneSimulator
		{71C67D92-AEB0-4848-8A21-B6C7A338505A}.Release|iPhone.ActiveCfg = Release|iPhone
		{71C67D92-AEB0-4848-8A21-B6C7A338505A}.Release|iPhone.Build.0 = Release|iPhone
		{71C67D92-AEB0-4848-8A21-B6C7A338505A}.Release|iPhone.Deploy.0 = Release|iPhone
		{71C67D92-AEB0-4848-8A21-B6C7A338505A}.Release|iPhoneSimulator.ActiveCfg = Release|iPhoneSimulator
		{71C67D92-AEB0-4848-8A21-B6C7A338505A}.Release|iPhoneSimulator.Build.0 = Release|iPhoneSimulator
		{71C67D92-AEB0-4848-8A21-B6C7A338505A}.Release|iPhoneSimulator.Deploy.0 = Release|iPhoneSimulator
		{71C67D92-AEB0-4848-8A21-B6C7A338505A}.Release|x64.ActiveCfg = Release|iPhoneSimulator
		{71C67D92-AEB0-4848-8A21-B6C7A338505A}.Release|x64.Build.0 = Release|iPhoneSimulator
		{71C67D92-AEB0-4848-8A21-B6C7A338505A}.Release|x64.Deploy.0 = Release|iPhoneSimulator
		{71C67D92-AEB0-4848-8A21-B6C7A338505A}.Release|x86.ActiveCfg = Release|iPhoneSimulator
		{71C67D92-AEB0-4848-8A21-B6C7A338505A}.Release|x86.Build.0 = Release|iPhoneSimulator
		{71C67D92-AEB0-4848-8A21-B6C7A338505A}.Release|x86.Deploy.0 = Release|iPhoneSimulator
		{A9CCF6C6-1883-47A4-ADC5-8F75C45CDA61}.Debug|Any CPU.ActiveCfg = Debug|Any CPU
		{A9CCF6C6-1883-47A4-ADC5-8F75C45CDA61}.Debug|Any CPU.Build.0 = Debug|Any CPU
		{A9CCF6C6-1883-47A4-ADC5-8F75C45CDA61}.Debug|Any CPU.Deploy.0 = Debug|Any CPU
		{A9CCF6C6-1883-47A4-ADC5-8F75C45CDA61}.Debug|ARM.ActiveCfg = Debug|Any CPU
		{A9CCF6C6-1883-47A4-ADC5-8F75C45CDA61}.Debug|ARM.Build.0 = Debug|Any CPU
		{A9CCF6C6-1883-47A4-ADC5-8F75C45CDA61}.Debug|ARM.Deploy.0 = Debug|Any CPU
		{A9CCF6C6-1883-47A4-ADC5-8F75C45CDA61}.Debug|iPhone.ActiveCfg = Debug|Any CPU
		{A9CCF6C6-1883-47A4-ADC5-8F75C45CDA61}.Debug|iPhone.Build.0 = Debug|Any CPU
		{A9CCF6C6-1883-47A4-ADC5-8F75C45CDA61}.Debug|iPhone.Deploy.0 = Debug|Any CPU
		{A9CCF6C6-1883-47A4-ADC5-8F75C45CDA61}.Debug|iPhoneSimulator.ActiveCfg = Debug|Any CPU
		{A9CCF6C6-1883-47A4-ADC5-8F75C45CDA61}.Debug|iPhoneSimulator.Build.0 = Debug|Any CPU
		{A9CCF6C6-1883-47A4-ADC5-8F75C45CDA61}.Debug|iPhoneSimulator.Deploy.0 = Debug|Any CPU
		{A9CCF6C6-1883-47A4-ADC5-8F75C45CDA61}.Debug|x64.ActiveCfg = Debug|Any CPU
		{A9CCF6C6-1883-47A4-ADC5-8F75C45CDA61}.Debug|x64.Build.0 = Debug|Any CPU
		{A9CCF6C6-1883-47A4-ADC5-8F75C45CDA61}.Debug|x64.Deploy.0 = Debug|Any CPU
		{A9CCF6C6-1883-47A4-ADC5-8F75C45CDA61}.Debug|x86.ActiveCfg = Debug|Any CPU
		{A9CCF6C6-1883-47A4-ADC5-8F75C45CDA61}.Debug|x86.Build.0 = Debug|Any CPU
		{A9CCF6C6-1883-47A4-ADC5-8F75C45CDA61}.Debug|x86.Deploy.0 = Debug|Any CPU
		{A9CCF6C6-1883-47A4-ADC5-8F75C45CDA61}.Release|Any CPU.ActiveCfg = Release|Any CPU
		{A9CCF6C6-1883-47A4-ADC5-8F75C45CDA61}.Release|Any CPU.Build.0 = Release|Any CPU
		{A9CCF6C6-1883-47A4-ADC5-8F75C45CDA61}.Release|Any CPU.Deploy.0 = Release|Any CPU
		{A9CCF6C6-1883-47A4-ADC5-8F75C45CDA61}.Release|ARM.ActiveCfg = Release|Any CPU
		{A9CCF6C6-1883-47A4-ADC5-8F75C45CDA61}.Release|ARM.Build.0 = Release|Any CPU
		{A9CCF6C6-1883-47A4-ADC5-8F75C45CDA61}.Release|ARM.Deploy.0 = Release|Any CPU
		{A9CCF6C6-1883-47A4-ADC5-8F75C45CDA61}.Release|iPhone.ActiveCfg = Release|Any CPU
		{A9CCF6C6-1883-47A4-ADC5-8F75C45CDA61}.Release|iPhone.Build.0 = Release|Any CPU
		{A9CCF6C6-1883-47A4-ADC5-8F75C45CDA61}.Release|iPhone.Deploy.0 = Release|Any CPU
		{A9CCF6C6-1883-47A4-ADC5-8F75C45CDA61}.Release|iPhoneSimulator.ActiveCfg = Release|Any CPU
		{A9CCF6C6-1883-47A4-ADC5-8F75C45CDA61}.Release|iPhoneSimulator.Build.0 = Release|Any CPU
		{A9CCF6C6-1883-47A4-ADC5-8F75C45CDA61}.Release|iPhoneSimulator.Deploy.0 = Release|Any CPU
		{A9CCF6C6-1883-47A4-ADC5-8F75C45CDA61}.Release|x64.ActiveCfg = Release|Any CPU
		{A9CCF6C6-1883-47A4-ADC5-8F75C45CDA61}.Release|x64.Build.0 = Release|Any CPU
		{A9CCF6C6-1883-47A4-ADC5-8F75C45CDA61}.Release|x64.Deploy.0 = Release|Any CPU
		{A9CCF6C6-1883-47A4-ADC5-8F75C45CDA61}.Release|x86.ActiveCfg = Release|Any CPU
		{A9CCF6C6-1883-47A4-ADC5-8F75C45CDA61}.Release|x86.Build.0 = Release|Any CPU
		{A9CCF6C6-1883-47A4-ADC5-8F75C45CDA61}.Release|x86.Deploy.0 = Release|Any CPU
	EndGlobalSection
	GlobalSection(SolutionProperties) = preSolution
		HideSolutionNode = FALSE
	EndGlobalSection
	GlobalSection(ExtensibilityGlobals) = postSolution
		SolutionGuid = {A929CDAB-52D2-4D83-BF24-30B9E293A62E}
	EndGlobalSection
EndGlobal
