
Microsoft Visual Studio Solution File, Format Version 12.00
# Visual Studio Version 16
VisualStudioVersion = 16.0.31129.286
MinimumVisualStudioVersion = 10.0.40219.1
Project("{FAE04EC0-301F-11D3-BF4B-00C04F79EFBC}") = "XFClipboard.UWP", "XFClipboard\XFClipboard.UWP\XFClipboard.UWP.csproj", "{F19428F2-7D90-472B-8183-A0AA48B1955B}"
EndProject
Project("{FAE04EC0-301F-11D3-BF4B-00C04F79EFBC}") = "XFClipboard.Android", "XFClipboard\XFClipboard.Android\XFClipboard.Android.csproj", "{C835CFE4-025E-4134-BA54-FCE7FC59A383}"
EndProject
Project("{FAE04EC0-301F-11D3-BF4B-00C04F79EFBC}") = "XFClipboard.iOS", "XFClipboard\XFClipboard.iOS\XFClipboard.iOS.csproj", "{BE809C08-2311-4F7E-8DA5-68C172021F9A}"
EndProject
Project("{FAE04EC0-301F-11D3-BF4B-00C04F79EFBC}") = "XFClipboard", "XFClipboard\XFClipboard\XFClipboard.csproj", "{EEA0690F-BEEE-42E3-9E2E-BCB38F564CD4}"
EndProject
Global
	GlobalSection(SolutionConfigurationPlatforms) = preSolution
		Debug|Any CPU = Debug|Any CPU
		Debug|ARM = Debug|ARM
		Debug|iPhone = Debug|iPhone
		Debug|iPhoneSimulator = Debug|iPhoneSimulator
		Debug|x64 = Debug|x64
		Debug|x86 = Debug|x86
		Release|Any CPU = Release|Any CPU
		Release|ARM = Release|ARM
		Release|iPhone = Release|iPhone
		Release|iPhoneSimulator = Release|iPhoneSimulator
		Release|x64 = Release|x64
		Release|x86 = Release|x86
	EndGlobalSection
	GlobalSection(ProjectConfigurationPlatforms) = postSolution
		{F19428F2-7D90-472B-8183-A0AA48B1955B}.Debug|Any CPU.ActiveCfg = Debug|x86
		{F19428F2-7D90-472B-8183-A0AA48B1955B}.Debug|Any CPU.Build.0 = Debug|x86
		{F19428F2-7D90-472B-8183-A0AA48B1955B}.Debug|Any CPU.Deploy.0 = Debug|x86
		{F19428F2-7D90-472B-8183-A0AA48B1955B}.Debug|ARM.ActiveCfg = Debug|ARM
		{F19428F2-7D90-472B-8183-A0AA48B1955B}.Debug|ARM.Build.0 = Debug|ARM
		{F19428F2-7D90-472B-8183-A0AA48B1955B}.Debug|ARM.Deploy.0 = Debug|ARM
		{F19428F2-7D90-472B-8183-A0AA48B1955B}.Debug|iPhone.ActiveCfg = Debug|x86
		{F19428F2-7D90-472B-8183-A0AA48B1955B}.Debug|iPhone.Build.0 = Debug|x86
		{F19428F2-7D90-472B-8183-A0AA48B1955B}.Debug|iPhone.Deploy.0 = Debug|x86
		{F19428F2-7D90-472B-8183-A0AA48B1955B}.Debug|iPhoneSimulator.ActiveCfg = Debug|x86
		{F19428F2-7D90-472B-8183-A0AA48B1955B}.Debug|iPhoneSimulator.Build.0 = Debug|x86
		{F19428F2-7D90-472B-8183-A0AA48B1955B}.Debug|iPhoneSimulator.Deploy.0 = Debug|x86
		{F19428F2-7D90-472B-8183-A0AA48B1955B}.Debug|x64.ActiveCfg = Debug|x64
		{F19428F2-7D90-472B-8183-A0AA48B1955B}.Debug|x64.Build.0 = Debug|x64
		{F19428F2-7D90-472B-8183-A0AA48B1955B}.Debug|x64.Deploy.0 = Debug|x64
		{F19428F2-7D90-472B-8183-A0AA48B1955B}.Debug|x86.ActiveCfg = Debug|x86
		{F19428F2-7D90-472B-8183-A0AA48B1955B}.Debug|x86.Build.0 = Debug|x86
		{F19428F2-7D90-472B-8183-A0AA48B1955B}.Debug|x86.Deploy.0 = Debug|x86
		{F19428F2-7D90-472B-8183-A0AA48B1955B}.Release|Any CPU.ActiveCfg = Release|x86
		{F19428F2-7D90-472B-8183-A0AA48B1955B}.Release|Any CPU.Build.0 = Release|x86
		{F19428F2-7D90-472B-8183-A0AA48B1955B}.Release|Any CPU.Deploy.0 = Release|x86
		{F19428F2-7D90-472B-8183-A0AA48B1955B}.Release|ARM.ActiveCfg = Release|ARM
		{F19428F2-7D90-472B-8183-A0AA48B1955B}.Release|ARM.Build.0 = Release|ARM
		{F19428F2-7D90-472B-8183-A0AA48B1955B}.Release|ARM.Deploy.0 = Release|ARM
		{F19428F2-7D90-472B-8183-A0AA48B1955B}.Release|iPhone.ActiveCfg = Release|x86
		{F19428F2-7D90-472B-8183-A0AA48B1955B}.Release|iPhone.Build.0 = Release|x86
		{F19428F2-7D90-472B-8183-A0AA48B1955B}.Release|iPhone.Deploy.0 = Release|x86
		{F19428F2-7D90-472B-8183-A0AA48B1955B}.Release|iPhoneSimulator.ActiveCfg = Release|x86
		{F19428F2-7D90-472B-8183-A0AA48B1955B}.Release|iPhoneSimulator.Build.0 = Release|x86
		{F19428F2-7D90-472B-8183-A0AA48B1955B}.Release|iPhoneSimulator.Deploy.0 = Release|x86
		{F19428F2-7D90-472B-8183-A0AA48B1955B}.Release|x64.ActiveCfg = Release|x64
		{F19428F2-7D90-472B-8183-A0AA48B1955B}.Release|x64.Build.0 = Release|x64
		{F19428F2-7D90-472B-8183-A0AA48B1955B}.Release|x64.Deploy.0 = Release|x64
		{F19428F2-7D90-472B-8183-A0AA48B1955B}.Release|x86.ActiveCfg = Release|x86
		{F19428F2-7D90-472B-8183-A0AA48B1955B}.Release|x86.Build.0 = Release|x86
		{F19428F2-7D90-472B-8183-A0AA48B1955B}.Release|x86.Deploy.0 = Release|x86
		{C835CFE4-025E-4134-BA54-FCE7FC59A383}.Debug|Any CPU.ActiveCfg = Debug|Any CPU
		{C835CFE4-025E-4134-BA54-FCE7FC59A383}.Debug|Any CPU.Build.0 = Debug|Any CPU
		{C835CFE4-025E-4134-BA54-FCE7FC59A383}.Debug|Any CPU.Deploy.0 = Debug|Any CPU
		{C835CFE4-025E-4134-BA54-FCE7FC59A383}.Debug|ARM.ActiveCfg = Debug|Any CPU
		{C835CFE4-025E-4134-BA54-FCE7FC59A383}.Debug|ARM.Build.0 = Debug|Any CPU
		{C835CFE4-025E-4134-BA54-FCE7FC59A383}.Debug|ARM.Deploy.0 = Debug|Any CPU
		{C835CFE4-025E-4134-BA54-FCE7FC59A383}.Debug|iPhone.ActiveCfg = Debug|Any CPU
		{C835CFE4-025E-4134-BA54-FCE7FC59A383}.Debug|iPhone.Build.0 = Debug|Any CPU
		{C835CFE4-025E-4134-BA54-FCE7FC59A383}.Debug|iPhone.Deploy.0 = Debug|Any CPU
		{C835CFE4-025E-4134-BA54-FCE7FC59A383}.Debug|iPhoneSimulator.ActiveCfg = Debug|Any CPU
		{C835CFE4-025E-4134-BA54-FCE7FC59A383}.Debug|iPhoneSimulator.Build.0 = Debug|Any CPU
		{C835CFE4-025E-4134-BA54-FCE7FC59A383}.Debug|iPhoneSimulator.Deploy.0 = Debug|Any CPU
		{C835CFE4-025E-4134-BA54-FCE7FC59A383}.Debug|x64.ActiveCfg = Debug|Any CPU
		{C835CFE4-025E-4134-BA54-FCE7FC59A383}.Debug|x64.Build.0 = Debug|Any CPU
		{C835CFE4-025E-4134-BA54-FCE7FC59A383}.Debug|x64.Deploy.0 = Debug|Any CPU
		{C835CFE4-025E-4134-BA54-FCE7FC59A383}.Debug|x86.ActiveCfg = Debug|Any CPU
		{C835CFE4-025E-4134-BA54-FCE7FC59A383}.Debug|x86.Build.0 = Debug|Any CPU
		{C835CFE4-025E-4134-BA54-FCE7FC59A383}.Debug|x86.Deploy.0 = Debug|Any CPU
		{C835CFE4-025E-4134-BA54-FCE7FC59A383}.Release|Any CPU.ActiveCfg = Release|Any CPU
		{C835CFE4-025E-4134-BA54-FCE7FC59A383}.Release|Any CPU.Build.0 = Release|Any CPU
		{C835CFE4-025E-4134-BA54-FCE7FC59A383}.Release|Any CPU.Deploy.0 = Release|Any CPU
		{C835CFE4-025E-4134-BA54-FCE7FC59A383}.Release|ARM.ActiveCfg = Release|Any CPU
		{C835CFE4-025E-4134-BA54-FCE7FC59A383}.Release|ARM.Build.0 = Release|Any CPU
		{C835CFE4-025E-4134-BA54-FCE7FC59A383}.Release|ARM.Deploy.0 = Release|Any CPU
		{C835CFE4-025E-4134-BA54-FCE7FC59A383}.Release|iPhone.ActiveCfg = Release|Any CPU
		{C835CFE4-025E-4134-BA54-FCE7FC59A383}.Release|iPhone.Build.0 = Release|Any CPU
		{C835CFE4-025E-4134-BA54-FCE7FC59A383}.Release|iPhone.Deploy.0 = Release|Any CPU
		{C835CFE4-025E-4134-BA54-FCE7FC59A383}.Release|iPhoneSimulator.ActiveCfg = Release|Any CPU
		{C835CFE4-025E-4134-BA54-FCE7FC59A383}.Release|iPhoneSimulator.Build.0 = Release|Any CPU
		{C835CFE4-025E-4134-BA54-FCE7FC59A383}.Release|iPhoneSimulator.Deploy.0 = Release|Any CPU
		{C835CFE4-025E-4134-BA54-FCE7FC59A383}.Release|x64.ActiveCfg = Release|Any CPU
		{C835CFE4-025E-4134-BA54-FCE7FC59A383}.Release|x64.Build.0 = Release|Any CPU
		{C835CFE4-025E-4134-BA54-FCE7FC59A383}.Release|x64.Deploy.0 = Release|Any CPU
		{C835CFE4-025E-4134-BA54-FCE7FC59A383}.Release|x86.ActiveCfg = Release|Any CPU
		{C835CFE4-025E-4134-BA54-FCE7FC59A383}.Release|x86.Build.0 = Release|Any CPU
		{C835CFE4-025E-4134-BA54-FCE7FC59A383}.Release|x86.Deploy.0 = Release|Any CPU
		{BE809C08-2311-4F7E-8DA5-68C172021F9A}.Debug|Any CPU.ActiveCfg = Debug|iPhoneSimulator
		{BE809C08-2311-4F7E-8DA5-68C172021F9A}.Debug|Any CPU.Build.0 = Debug|iPhoneSimulator
		{BE809C08-2311-4F7E-8DA5-68C172021F9A}.Debug|Any CPU.Deploy.0 = Debug|iPhoneSimulator
		{BE809C08-2311-4F7E-8DA5-68C172021F9A}.Debug|ARM.ActiveCfg = Debug|iPhone
		{BE809C08-2311-4F7E-8DA5-68C172021F9A}.Debug|ARM.Build.0 = Debug|iPhone
		{BE809C08-2311-4F7E-8DA5-68C172021F9A}.Debug|ARM.Deploy.0 = Debug|iPhone
		{BE809C08-2311-4F7E-8DA5-68C172021F9A}.Debug|iPhone.ActiveCfg = Debug|iPhone
		{BE809C08-2311-4F7E-8DA5-68C172021F9A}.Debug|iPhone.Build.0 = Debug|iPhone
		{BE809C08-2311-4F7E-8DA5-68C172021F9A}.Debug|iPhone.Deploy.0 = Debug|iPhone
		{BE809C08-2311-4F7E-8DA5-68C172021F9A}.Debug|iPhoneSimulator.ActiveCfg = Debug|iPhoneSimulator
		{BE809C08-2311-4F7E-8DA5-68C172021F9A}.Debug|iPhoneSimulator.Build.0 = Debug|iPhoneSimulator
		{BE809C08-2311-4F7E-8DA5-68C172021F9A}.Debug|iPhoneSimulator.Deploy.0 = Debug|iPhoneSimulator
		{BE809C08-2311-4F7E-8DA5-68C172021F9A}.Debug|x64.ActiveCfg = Debug|iPhoneSimulator
		{BE809C08-2311-4F7E-8DA5-68C172021F9A}.Debug|x64.Build.0 = Debug|iPhoneSimulator
		{BE809C08-2311-4F7E-8DA5-68C172021F9A}.Debug|x64.Deploy.0 = Debug|iPhoneSimulator
		{BE809C08-2311-4F7E-8DA5-68C172021F9A}.Debug|x86.ActiveCfg = Debug|iPhoneSimulator
		{BE809C08-2311-4F7E-8DA5-68C172021F9A}.Debug|x86.Build.0 = Debug|iPhoneSimulator
		{BE809C08-2311-4F7E-8DA5-68C172021F9A}.Debug|x86.Deploy.0 = Debug|iPhoneSimulator
		{BE809C08-2311-4F7E-8DA5-68C172021F9A}.Release|Any CPU.ActiveCfg = Release|iPhoneSimulator
		{BE809C08-2311-4F7E-8DA5-68C172021F9A}.Release|Any CPU.Build.0 = Release|iPhoneSimulator
		{BE809C08-2311-4F7E-8DA5-68C172021F9A}.Release|Any CPU.Deploy.0 = Release|iPhoneSimulator
		{BE809C08-2311-4F7E-8DA5-68C172021F9A}.Release|ARM.ActiveCfg = Release|iPhoneSimulator
		{BE809C08-2311-4F7E-8DA5-68C172021F9A}.Release|ARM.Build.0 = Release|iPhoneSimulator
		{BE809C08-2311-4F7E-8DA5-68C172021F9A}.Release|ARM.Deploy.0 = Release|iPhoneSimulator
		{BE809C08-2311-4F7E-8DA5-68C172021F9A}.Release|iPhone.ActiveCfg = Release|iPhone
		{BE809C08-2311-4F7E-8DA5-68C172021F9A}.Release|iPhone.Build.0 = Release|iPhone
		{BE809C08-2311-4F7E-8DA5-68C172021F9A}.Release|iPhone.Deploy.0 = Release|iPhone
		{BE809C08-2311-4F7E-8DA5-68C172021F9A}.Release|iPhoneSimulator.ActiveCfg = Release|iPhoneSimulator
		{BE809C08-2311-4F7E-8DA5-68C172021F9A}.Release|iPhoneSimulator.Build.0 = Release|iPhoneSimulator
		{BE809C08-2311-4F7E-8DA5-68C172021F9A}.Release|iPhoneSimulator.Deploy.0 = Release|iPhoneSimulator
		{BE809C08-2311-4F7E-8DA5-68C172021F9A}.Release|x64.ActiveCfg = Release|iPhoneSimulator
		{BE809C08-2311-4F7E-8DA5-68C172021F9A}.Release|x64.Build.0 = Release|iPhoneSimulator
		{BE809C08-2311-4F7E-8DA5-68C172021F9A}.Release|x64.Deploy.0 = Release|iPhoneSimulator
		{BE809C08-2311-4F7E-8DA5-68C172021F9A}.Release|x86.ActiveCfg = Release|iPhoneSimulator
		{BE809C08-2311-4F7E-8DA5-68C172021F9A}.Release|x86.Build.0 = Release|iPhoneSimulator
		{BE809C08-2311-4F7E-8DA5-68C172021F9A}.Release|x86.Deploy.0 = Release|iPhoneSimulator
		{EEA0690F-BEEE-42E3-9E2E-BCB38F564CD4}.Debug|Any CPU.ActiveCfg = Debug|Any CPU
		{EEA0690F-BEEE-42E3-9E2E-BCB38F564CD4}.Debug|Any CPU.Build.0 = Debug|Any CPU
		{EEA0690F-BEEE-42E3-9E2E-BCB38F564CD4}.Debug|Any CPU.Deploy.0 = Debug|Any CPU
		{EEA0690F-BEEE-42E3-9E2E-BCB38F564CD4}.Debug|ARM.ActiveCfg = Debug|Any CPU
		{EEA0690F-BEEE-42E3-9E2E-BCB38F564CD4}.Debug|ARM.Build.0 = Debug|Any CPU
		{EEA0690F-BEEE-42E3-9E2E-BCB38F564CD4}.Debug|ARM.Deploy.0 = Debug|Any CPU
		{EEA0690F-BEEE-42E3-9E2E-BCB38F564CD4}.Debug|iPhone.ActiveCfg = Debug|Any CPU
		{EEA0690F-BEEE-42E3-9E2E-BCB38F564CD4}.Debug|iPhone.Build.0 = Debug|Any CPU
		{EEA0690F-BEEE-42E3-9E2E-BCB38F564CD4}.Debug|iPhone.Deploy.0 = Debug|Any CPU
		{EEA0690F-BEEE-42E3-9E2E-BCB38F564CD4}.Debug|iPhoneSimulator.ActiveCfg = Debug|Any CPU
		{EEA0690F-BEEE-42E3-9E2E-BCB38F564CD4}.Debug|iPhoneSimulator.Build.0 = Debug|Any CPU
		{EEA0690F-BEEE-42E3-9E2E-BCB38F564CD4}.Debug|iPhoneSimulator.Deploy.0 = Debug|Any CPU
		{EEA0690F-BEEE-42E3-9E2E-BCB38F564CD4}.Debug|x64.ActiveCfg = Debug|Any CPU
		{EEA0690F-BEEE-42E3-9E2E-BCB38F564CD4}.Debug|x64.Build.0 = Debug|Any CPU
		{EEA0690F-BEEE-42E3-9E2E-BCB38F564CD4}.Debug|x64.Deploy.0 = Debug|Any CPU
		{EEA0690F-BEEE-42E3-9E2E-BCB38F564CD4}.Debug|x86.ActiveCfg = Debug|Any CPU
		{EEA0690F-BEEE-42E3-9E2E-BCB38F564CD4}.Debug|x86.Build.0 = Debug|Any CPU
		{EEA0690F-BEEE-42E3-9E2E-BCB38F564CD4}.Debug|x86.Deploy.0 = Debug|Any CPU
		{EEA0690F-BEEE-42E3-9E2E-BCB38F564CD4}.Release|Any CPU.ActiveCfg = Release|Any CPU
		{EEA0690F-BEEE-42E3-9E2E-BCB38F564CD4}.Release|Any CPU.Build.0 = Release|Any CPU
		{EEA0690F-BEEE-42E3-9E2E-BCB38F564CD4}.Release|Any CPU.Deploy.0 = Release|Any CPU
		{EEA0690F-BEEE-42E3-9E2E-BCB38F564CD4}.Release|ARM.ActiveCfg = Release|Any CPU
		{EEA0690F-BEEE-42E3-9E2E-BCB38F564CD4}.Release|ARM.Build.0 = Release|Any CPU
		{EEA0690F-BEEE-42E3-9E2E-BCB38F564CD4}.Release|ARM.Deploy.0 = Release|Any CPU
		{EEA0690F-BEEE-42E3-9E2E-BCB38F564CD4}.Release|iPhone.ActiveCfg = Release|Any CPU
		{EEA0690F-BEEE-42E3-9E2E-BCB38F564CD4}.Release|iPhone.Build.0 = Release|Any CPU
		{EEA0690F-BEEE-42E3-9E2E-BCB38F564CD4}.Release|iPhone.Deploy.0 = Release|Any CPU
		{EEA0690F-BEEE-42E3-9E2E-BCB38F564CD4}.Release|iPhoneSimulator.ActiveCfg = Release|Any CPU
		{EEA0690F-BEEE-42E3-9E2E-BCB38F564CD4}.Release|iPhoneSimulator.Build.0 = Release|Any CPU
		{EEA0690F-BEEE-42E3-9E2E-BCB38F564CD4}.Release|iPhoneSimulator.Deploy.0 = Release|Any CPU
		{EEA0690F-BEEE-42E3-9E2E-BCB38F564CD4}.Release|x64.ActiveCfg = Release|Any CPU
		{EEA0690F-BEEE-42E3-9E2E-BCB38F564CD4}.Release|x64.Build.0 = Release|Any CPU
		{EEA0690F-BEEE-42E3-9E2E-BCB38F564CD4}.Release|x64.Deploy.0 = Release|Any CPU
		{EEA0690F-BEEE-42E3-9E2E-BCB38F564CD4}.Release|x86.ActiveCfg = Release|Any CPU
		{EEA0690F-BEEE-42E3-9E2E-BCB38F564CD4}.Release|x86.Build.0 = Release|Any CPU
		{EEA0690F-BEEE-42E3-9E2E-BCB38F564CD4}.Release|x86.Deploy.0 = Release|Any CPU
	EndGlobalSection
	GlobalSection(SolutionProperties) = preSolution
		HideSolutionNode = FALSE
	EndGlobalSection
	GlobalSection(ExtensibilityGlobals) = postSolution
		SolutionGuid = {E08D0EBD-3EF0-4124-B55D-9095A5FA094F}
	EndGlobalSection
EndGlobal
