
Microsoft Visual Studio Solution File, Format Version 12.00
# Visual Studio Version 16
VisualStudioVersion = 16.0.30804.86
MinimumVisualStudioVersion = 10.0.40219.1
Project("{FAE04EC0-301F-11D3-BF4B-00C04F79EFBC}") = "XFBrowser.UWP", "XFBrowser\XFBrowser.UWP\XFBrowser.UWP.csproj", "{B05CB09B-8B63-42B9-9504-1727F70A7A18}"
EndProject
Project("{FAE04EC0-301F-11D3-BF4B-00C04F79EFBC}") = "XFBrowser.Android", "XFBrowser\XFBrowser.Android\XFBrowser.Android.csproj", "{B096CBBC-A68F-4819-9C47-76177A8FB2D8}"
EndProject
Project("{FAE04EC0-301F-11D3-BF4B-00C04F79EFBC}") = "XFBrowser.iOS", "XFBrowser\XFBrowser.iOS\XFBrowser.iOS.csproj", "{4AB2E1C5-A1C1-485A-A24E-01E35521F684}"
EndProject
Project("{FAE04EC0-301F-11D3-BF4B-00C04F79EFBC}") = "XFBrowser", "XFBrowser\XFBrowser\XFBrowser.csproj", "{2419EB15-05F2-4018-BE7F-F9BAF1B83EA0}"
EndProject
Global
	GlobalSection(SolutionConfigurationPlatforms) = preSolution
		Debug|Any CPU = Debug|Any CPU
		Debug|ARM = Debug|ARM
		Debug|iPhone = Debug|iPhone
		Debug|iPhoneSimulator = Debug|iPhoneSimulator
		Debug|x64 = Debug|x64
		Debug|x86 = Debug|x86
		Release|Any CPU = Release|Any CPU
		Release|ARM = Release|ARM
		Release|iPhone = Release|iPhone
		Release|iPhoneSimulator = Release|iPhoneSimulator
		Release|x64 = Release|x64
		Release|x86 = Release|x86
	EndGlobalSection
	GlobalSection(ProjectConfigurationPlatforms) = postSolution
		{B05CB09B-8B63-42B9-9504-1727F70A7A18}.Debug|Any CPU.ActiveCfg = Debug|x86
		{B05CB09B-8B63-42B9-9504-1727F70A7A18}.Debug|Any CPU.Build.0 = Debug|x86
		{B05CB09B-8B63-42B9-9504-1727F70A7A18}.Debug|Any CPU.Deploy.0 = Debug|x86
		{B05CB09B-8B63-42B9-9504-1727F70A7A18}.Debug|ARM.ActiveCfg = Debug|ARM
		{B05CB09B-8B63-42B9-9504-1727F70A7A18}.Debug|ARM.Build.0 = Debug|ARM
		{B05CB09B-8B63-42B9-9504-1727F70A7A18}.Debug|ARM.Deploy.0 = Debug|ARM
		{B05CB09B-8B63-42B9-9504-1727F70A7A18}.Debug|iPhone.ActiveCfg = Debug|x86
		{B05CB09B-8B63-42B9-9504-1727F70A7A18}.Debug|iPhone.Build.0 = Debug|x86
		{B05CB09B-8B63-42B9-9504-1727F70A7A18}.Debug|iPhone.Deploy.0 = Debug|x86
		{B05CB09B-8B63-42B9-9504-1727F70A7A18}.Debug|iPhoneSimulator.ActiveCfg = Debug|x86
		{B05CB09B-8B63-42B9-9504-1727F70A7A18}.Debug|iPhoneSimulator.Build.0 = Debug|x86
		{B05CB09B-8B63-42B9-9504-1727F70A7A18}.Debug|iPhoneSimulator.Deploy.0 = Debug|x86
		{B05CB09B-8B63-42B9-9504-1727F70A7A18}.Debug|x64.ActiveCfg = Debug|x64
		{B05CB09B-8B63-42B9-9504-1727F70A7A18}.Debug|x64.Build.0 = Debug|x64
		{B05CB09B-8B63-42B9-9504-1727F70A7A18}.Debug|x64.Deploy.0 = Debug|x64
		{B05CB09B-8B63-42B9-9504-1727F70A7A18}.Debug|x86.ActiveCfg = Debug|x86
		{B05CB09B-8B63-42B9-9504-1727F70A7A18}.Debug|x86.Build.0 = Debug|x86
		{B05CB09B-8B63-42B9-9504-1727F70A7A18}.Debug|x86.Deploy.0 = Debug|x86
		{B05CB09B-8B63-42B9-9504-1727F70A7A18}.Release|Any CPU.ActiveCfg = Release|x86
		{B05CB09B-8B63-42B9-9504-1727F70A7A18}.Release|Any CPU.Build.0 = Release|x86
		{B05CB09B-8B63-42B9-9504-1727F70A7A18}.Release|Any CPU.Deploy.0 = Release|x86
		{B05CB09B-8B63-42B9-9504-1727F70A7A18}.Release|ARM.ActiveCfg = Release|ARM
		{B05CB09B-8B63-42B9-9504-1727F70A7A18}.Release|ARM.Build.0 = Release|ARM
		{B05CB09B-8B63-42B9-9504-1727F70A7A18}.Release|ARM.Deploy.0 = Release|ARM
		{B05CB09B-8B63-42B9-9504-1727F70A7A18}.Release|iPhone.ActiveCfg = Release|x86
		{B05CB09B-8B63-42B9-9504-1727F70A7A18}.Release|iPhone.Build.0 = Release|x86
		{B05CB09B-8B63-42B9-9504-1727F70A7A18}.Release|iPhone.Deploy.0 = Release|x86
		{B05CB09B-8B63-42B9-9504-1727F70A7A18}.Release|iPhoneSimulator.ActiveCfg = Release|x86
		{B05CB09B-8B63-42B9-9504-1727F70A7A18}.Release|iPhoneSimulator.Build.0 = Release|x86
		{B05CB09B-8B63-42B9-9504-1727F70A7A18}.Release|iPhoneSimulator.Deploy.0 = Release|x86
		{B05CB09B-8B63-42B9-9504-1727F70A7A18}.Release|x64.ActiveCfg = Release|x64
		{B05CB09B-8B63-42B9-9504-1727F70A7A18}.Release|x64.Build.0 = Release|x64
		{B05CB09B-8B63-42B9-9504-1727F70A7A18}.Release|x64.Deploy.0 = Release|x64
		{B05CB09B-8B63-42B9-9504-1727F70A7A18}.Release|x86.ActiveCfg = Release|x86
		{B05CB09B-8B63-42B9-9504-1727F70A7A18}.Release|x86.Build.0 = Release|x86
		{B05CB09B-8B63-42B9-9504-1727F70A7A18}.Release|x86.Deploy.0 = Release|x86
		{B096CBBC-A68F-4819-9C47-76177A8FB2D8}.Debug|Any CPU.ActiveCfg = Debug|Any CPU
		{B096CBBC-A68F-4819-9C47-76177A8FB2D8}.Debug|Any CPU.Build.0 = Debug|Any CPU
		{B096CBBC-A68F-4819-9C47-76177A8FB2D8}.Debug|Any CPU.Deploy.0 = Debug|Any CPU
		{B096CBBC-A68F-4819-9C47-76177A8FB2D8}.Debug|ARM.ActiveCfg = Debug|Any CPU
		{B096CBBC-A68F-4819-9C47-76177A8FB2D8}.Debug|ARM.Build.0 = Debug|Any CPU
		{B096CBBC-A68F-4819-9C47-76177A8FB2D8}.Debug|ARM.Deploy.0 = Debug|Any CPU
		{B096CBBC-A68F-4819-9C47-76177A8FB2D8}.Debug|iPhone.ActiveCfg = Debug|Any CPU
		{B096CBBC-A68F-4819-9C47-76177A8FB2D8}.Debug|iPhone.Build.0 = Debug|Any CPU
		{B096CBBC-A68F-4819-9C47-76177A8FB2D8}.Debug|iPhone.Deploy.0 = Debug|Any CPU
		{B096CBBC-A68F-4819-9C47-76177A8FB2D8}.Debug|iPhoneSimulator.ActiveCfg = Debug|Any CPU
		{B096CBBC-A68F-4819-9C47-76177A8FB2D8}.Debug|iPhoneSimulator.Build.0 = Debug|Any CPU
		{B096CBBC-A68F-4819-9C47-76177A8FB2D8}.Debug|iPhoneSimulator.Deploy.0 = Debug|Any CPU
		{B096CBBC-A68F-4819-9C47-76177A8FB2D8}.Debug|x64.ActiveCfg = Debug|Any CPU
		{B096CBBC-A68F-4819-9C47-76177A8FB2D8}.Debug|x64.Build.0 = Debug|Any CPU
		{B096CBBC-A68F-4819-9C47-76177A8FB2D8}.Debug|x64.Deploy.0 = Debug|Any CPU
		{B096CBBC-A68F-4819-9C47-76177A8FB2D8}.Debug|x86.ActiveCfg = Debug|Any CPU
		{B096CBBC-A68F-4819-9C47-76177A8FB2D8}.Debug|x86.Build.0 = Debug|Any CPU
		{B096CBBC-A68F-4819-9C47-76177A8FB2D8}.Debug|x86.Deploy.0 = Debug|Any CPU
		{B096CBBC-A68F-4819-9C47-76177A8FB2D8}.Release|Any CPU.ActiveCfg = Release|Any CPU
		{B096CBBC-A68F-4819-9C47-76177A8FB2D8}.Release|Any CPU.Build.0 = Release|Any CPU
		{B096CBBC-A68F-4819-9C47-76177A8FB2D8}.Release|Any CPU.Deploy.0 = Release|Any CPU
		{B096CBBC-A68F-4819-9C47-76177A8FB2D8}.Release|ARM.ActiveCfg = Release|Any CPU
		{B096CBBC-A68F-4819-9C47-76177A8FB2D8}.Release|ARM.Build.0 = Release|Any CPU
		{B096CBBC-A68F-4819-9C47-76177A8FB2D8}.Release|ARM.Deploy.0 = Release|Any CPU
		{B096CBBC-A68F-4819-9C47-76177A8FB2D8}.Release|iPhone.ActiveCfg = Release|Any CPU
		{B096CBBC-A68F-4819-9C47-76177A8FB2D8}.Release|iPhone.Build.0 = Release|Any CPU
		{B096CBBC-A68F-4819-9C47-76177A8FB2D8}.Release|iPhone.Deploy.0 = Release|Any CPU
		{B096CBBC-A68F-4819-9C47-76177A8FB2D8}.Release|iPhoneSimulator.ActiveCfg = Release|Any CPU
		{B096CBBC-A68F-4819-9C47-76177A8FB2D8}.Release|iPhoneSimulator.Build.0 = Release|Any CPU
		{B096CBBC-A68F-4819-9C47-76177A8FB2D8}.Release|iPhoneSimulator.Deploy.0 = Release|Any CPU
		{B096CBBC-A68F-4819-9C47-76177A8FB2D8}.Release|x64.ActiveCfg = Release|Any CPU
		{B096CBBC-A68F-4819-9C47-76177A8FB2D8}.Release|x64.Build.0 = Release|Any CPU
		{B096CBBC-A68F-4819-9C47-76177A8FB2D8}.Release|x64.Deploy.0 = Release|Any CPU
		{B096CBBC-A68F-4819-9C47-76177A8FB2D8}.Release|x86.ActiveCfg = Release|Any CPU
		{B096CBBC-A68F-4819-9C47-76177A8FB2D8}.Release|x86.Build.0 = Release|Any CPU
		{B096CBBC-A68F-4819-9C47-76177A8FB2D8}.Release|x86.Deploy.0 = Release|Any CPU
		{4AB2E1C5-A1C1-485A-A24E-01E35521F684}.Debug|Any CPU.ActiveCfg = Debug|iPhoneSimulator
		{4AB2E1C5-A1C1-485A-A24E-01E35521F684}.Debug|Any CPU.Build.0 = Debug|iPhoneSimulator
		{4AB2E1C5-A1C1-485A-A24E-01E35521F684}.Debug|Any CPU.Deploy.0 = Debug|iPhoneSimulator
		{4AB2E1C5-A1C1-485A-A24E-01E35521F684}.Debug|ARM.ActiveCfg = Debug|iPhone
		{4AB2E1C5-A1C1-485A-A24E-01E35521F684}.Debug|ARM.Build.0 = Debug|iPhone
		{4AB2E1C5-A1C1-485A-A24E-01E35521F684}.Debug|ARM.Deploy.0 = Debug|iPhone
		{4AB2E1C5-A1C1-485A-A24E-01E35521F684}.Debug|iPhone.ActiveCfg = Debug|iPhone
		{4AB2E1C5-A1C1-485A-A24E-01E35521F684}.Debug|iPhone.Build.0 = Debug|iPhone
		{4AB2E1C5-A1C1-485A-A24E-01E35521F684}.Debug|iPhone.Deploy.0 = Debug|iPhone
		{4AB2E1C5-A1C1-485A-A24E-01E35521F684}.Debug|iPhoneSimulator.ActiveCfg = Debug|iPhoneSimulator
		{4AB2E1C5-A1C1-485A-A24E-01E35521F684}.Debug|iPhoneSimulator.Build.0 = Debug|iPhoneSimulator
		{4AB2E1C5-A1C1-485A-A24E-01E35521F684}.Debug|iPhoneSimulator.Deploy.0 = Debug|iPhoneSimulator
		{4AB2E1C5-A1C1-485A-A24E-01E35521F684}.Debug|x64.ActiveCfg = Debug|iPhoneSimulator
		{4AB2E1C5-A1C1-485A-A24E-01E35521F684}.Debug|x64.Build.0 = Debug|iPhoneSimulator
		{4AB2E1C5-A1C1-485A-A24E-01E35521F684}.Debug|x64.Deploy.0 = Debug|iPhoneSimulator
		{4AB2E1C5-A1C1-485A-A24E-01E35521F684}.Debug|x86.ActiveCfg = Debug|iPhoneSimulator
		{4AB2E1C5-A1C1-485A-A24E-01E35521F684}.Debug|x86.Build.0 = Debug|iPhoneSimulator
		{4AB2E1C5-A1C1-485A-A24E-01E35521F684}.Debug|x86.Deploy.0 = Debug|iPhoneSimulator
		{4AB2E1C5-A1C1-485A-A24E-01E35521F684}.Release|Any CPU.ActiveCfg = Release|iPhoneSimulator
		{4AB2E1C5-A1C1-485A-A24E-01E35521F684}.Release|Any CPU.Build.0 = Release|iPhoneSimulator
		{4AB2E1C5-A1C1-485A-A24E-01E35521F684}.Release|Any CPU.Deploy.0 = Release|iPhoneSimulator
		{4AB2E1C5-A1C1-485A-A24E-01E35521F684}.Release|ARM.ActiveCfg = Release|iPhoneSimulator
		{4AB2E1C5-A1C1-485A-A24E-01E35521F684}.Release|ARM.Build.0 = Release|iPhoneSimulator
		{4AB2E1C5-A1C1-485A-A24E-01E35521F684}.Release|ARM.Deploy.0 = Release|iPhoneSimulator
		{4AB2E1C5-A1C1-485A-A24E-01E35521F684}.Release|iPhone.ActiveCfg = Release|iPhone
		{4AB2E1C5-A1C1-485A-A24E-01E35521F684}.Release|iPhone.Build.0 = Release|iPhone
		{4AB2E1C5-A1C1-485A-A24E-01E35521F684}.Release|iPhone.Deploy.0 = Release|iPhone
		{4AB2E1C5-A1C1-485A-A24E-01E35521F684}.Release|iPhoneSimulator.ActiveCfg = Release|iPhoneSimulator
		{4AB2E1C5-A1C1-485A-A24E-01E35521F684}.Release|iPhoneSimulator.Build.0 = Release|iPhoneSimulator
		{4AB2E1C5-A1C1-485A-A24E-01E35521F684}.Release|iPhoneSimulator.Deploy.0 = Release|iPhoneSimulator
		{4AB2E1C5-A1C1-485A-A24E-01E35521F684}.Release|x64.ActiveCfg = Release|iPhoneSimulator
		{4AB2E1C5-A1C1-485A-A24E-01E35521F684}.Release|x64.Build.0 = Release|iPhoneSimulator
		{4AB2E1C5-A1C1-485A-A24E-01E35521F684}.Release|x64.Deploy.0 = Release|iPhoneSimulator
		{4AB2E1C5-A1C1-485A-A24E-01E35521F684}.Release|x86.ActiveCfg = Release|iPhoneSimulator
		{4AB2E1C5-A1C1-485A-A24E-01E35521F684}.Release|x86.Build.0 = Release|iPhoneSimulator
		{4AB2E1C5-A1C1-485A-A24E-01E35521F684}.Release|x86.Deploy.0 = Release|iPhoneSimulator
		{2419EB15-05F2-4018-BE7F-F9BAF1B83EA0}.Debug|Any CPU.ActiveCfg = Debug|Any CPU
		{2419EB15-05F2-4018-BE7F-F9BAF1B83EA0}.Debug|Any CPU.Build.0 = Debug|Any CPU
		{2419EB15-05F2-4018-BE7F-F9BAF1B83EA0}.Debug|Any CPU.Deploy.0 = Debug|Any CPU
		{2419EB15-05F2-4018-BE7F-F9BAF1B83EA0}.Debug|ARM.ActiveCfg = Debug|Any CPU
		{2419EB15-05F2-4018-BE7F-F9BAF1B83EA0}.Debug|ARM.Build.0 = Debug|Any CPU
		{2419EB15-05F2-4018-BE7F-F9BAF1B83EA0}.Debug|ARM.Deploy.0 = Debug|Any CPU
		{2419EB15-05F2-4018-BE7F-F9BAF1B83EA0}.Debug|iPhone.ActiveCfg = Debug|Any CPU
		{2419EB15-05F2-4018-BE7F-F9BAF1B83EA0}.Debug|iPhone.Build.0 = Debug|Any CPU
		{2419EB15-05F2-4018-BE7F-F9BAF1B83EA0}.Debug|iPhone.Deploy.0 = Debug|Any CPU
		{2419EB15-05F2-4018-BE7F-F9BAF1B83EA0}.Debug|iPhoneSimulator.ActiveCfg = Debug|Any CPU
		{2419EB15-05F2-4018-BE7F-F9BAF1B83EA0}.Debug|iPhoneSimulator.Build.0 = Debug|Any CPU
		{2419EB15-05F2-4018-BE7F-F9BAF1B83EA0}.Debug|iPhoneSimulator.Deploy.0 = Debug|Any CPU
		{2419EB15-05F2-4018-BE7F-F9BAF1B83EA0}.Debug|x64.ActiveCfg = Debug|Any CPU
		{2419EB15-05F2-4018-BE7F-F9BAF1B83EA0}.Debug|x64.Build.0 = Debug|Any CPU
		{2419EB15-05F2-4018-BE7F-F9BAF1B83EA0}.Debug|x64.Deploy.0 = Debug|Any CPU
		{2419EB15-05F2-4018-BE7F-F9BAF1B83EA0}.Debug|x86.ActiveCfg = Debug|Any CPU
		{2419EB15-05F2-4018-BE7F-F9BAF1B83EA0}.Debug|x86.Build.0 = Debug|Any CPU
		{2419EB15-05F2-4018-BE7F-F9BAF1B83EA0}.Debug|x86.Deploy.0 = Debug|Any CPU
		{2419EB15-05F2-4018-BE7F-F9BAF1B83EA0}.Release|Any CPU.ActiveCfg = Release|Any CPU
		{2419EB15-05F2-4018-BE7F-F9BAF1B83EA0}.Release|Any CPU.Build.0 = Release|Any CPU
		{2419EB15-05F2-4018-BE7F-F9BAF1B83EA0}.Release|Any CPU.Deploy.0 = Release|Any CPU
		{2419EB15-05F2-4018-BE7F-F9BAF1B83EA0}.Release|ARM.ActiveCfg = Release|Any CPU
		{2419EB15-05F2-4018-BE7F-F9BAF1B83EA0}.Release|ARM.Build.0 = Release|Any CPU
		{2419EB15-05F2-4018-BE7F-F9BAF1B83EA0}.Release|ARM.Deploy.0 = Release|Any CPU
		{2419EB15-05F2-4018-BE7F-F9BAF1B83EA0}.Release|iPhone.ActiveCfg = Release|Any CPU
		{2419EB15-05F2-4018-BE7F-F9BAF1B83EA0}.Release|iPhone.Build.0 = Release|Any CPU
		{2419EB15-05F2-4018-BE7F-F9BAF1B83EA0}.Release|iPhone.Deploy.0 = Release|Any CPU
		{2419EB15-05F2-4018-BE7F-F9BAF1B83EA0}.Release|iPhoneSimulator.ActiveCfg = Release|Any CPU
		{2419EB15-05F2-4018-BE7F-F9BAF1B83EA0}.Release|iPhoneSimulator.Build.0 = Release|Any CPU
		{2419EB15-05F2-4018-BE7F-F9BAF1B83EA0}.Release|iPhoneSimulator.Deploy.0 = Release|Any CPU
		{2419EB15-05F2-4018-BE7F-F9BAF1B83EA0}.Release|x64.ActiveCfg = Release|Any CPU
		{2419EB15-05F2-4018-BE7F-F9BAF1B83EA0}.Release|x64.Build.0 = Release|Any CPU
		{2419EB15-05F2-4018-BE7F-F9BAF1B83EA0}.Release|x64.Deploy.0 = Release|Any CPU
		{2419EB15-05F2-4018-BE7F-F9BAF1B83EA0}.Release|x86.ActiveCfg = Release|Any CPU
		{2419EB15-05F2-4018-BE7F-F9BAF1B83EA0}.Release|x86.Build.0 = Release|Any CPU
		{2419EB15-05F2-4018-BE7F-F9BAF1B83EA0}.Release|x86.Deploy.0 = Release|Any CPU
	EndGlobalSection
	GlobalSection(SolutionProperties) = preSolution
		HideSolutionNode = FALSE
	EndGlobalSection
	GlobalSection(ExtensibilityGlobals) = postSolution
		SolutionGuid = {592492DF-B62B-4F98-8246-9B40EE43AA11}
	EndGlobalSection
EndGlobal
