
Microsoft Visual Studio Solution File, Format Version 12.00
# Visual Studio Version 16
VisualStudioVersion = 16.0.31702.278
MinimumVisualStudioVersion = 10.0.40219.1
Project("{FAE04EC0-301F-11D3-BF4B-00C04F79EFBC}") = "XFTextToSpeech.UWP", "XFTextToSpeech\XFTextToSpeech.UWP\XFTextToSpeech.UWP.csproj", "{5F640E1B-2AAE-4AC7-89E2-746D84ADF1ED}"
EndProject
Project("{FAE04EC0-301F-11D3-BF4B-00C04F79EFBC}") = "XFTextToSpeech.Android", "XFTextToSpeech\XFTextToSpeech.Android\XFTextToSpeech.Android.csproj", "{A7F05C47-3740-40F7-A2A4-5FD40D56FAA6}"
EndProject
Project("{FAE04EC0-301F-11D3-BF4B-00C04F79EFBC}") = "XFTextToSpeech.iOS", "XFTextToSpeech\XFTextToSpeech.iOS\XFTextToSpeech.iOS.csproj", "{14E9A964-3FA0-4468-B8C5-1E3F7CAA1D6F}"
EndProject
Project("{FAE04EC0-301F-11D3-BF4B-00C04F79EFBC}") = "XFTextToSpeech", "XFTextToSpeech\XFTextToSpeech\XFTextToSpeech.csproj", "{D7194F6F-ED10-436D-AE5B-0F28894E744F}"
EndProject
Global
	GlobalSection(SolutionConfigurationPlatforms) = preSolution
		Debug|Any CPU = Debug|Any CPU
		Debug|ARM = Debug|ARM
		Debug|iPhone = Debug|iPhone
		Debug|iPhoneSimulator = Debug|iPhoneSimulator
		Debug|x64 = Debug|x64
		Debug|x86 = Debug|x86
		Release|Any CPU = Release|Any CPU
		Release|ARM = Release|ARM
		Release|iPhone = Release|iPhone
		Release|iPhoneSimulator = Release|iPhoneSimulator
		Release|x64 = Release|x64
		Release|x86 = Release|x86
	EndGlobalSection
	GlobalSection(ProjectConfigurationPlatforms) = postSolution
		{5F640E1B-2AAE-4AC7-89E2-746D84ADF1ED}.Debug|Any CPU.ActiveCfg = Debug|x86
		{5F640E1B-2AAE-4AC7-89E2-746D84ADF1ED}.Debug|Any CPU.Build.0 = Debug|x86
		{5F640E1B-2AAE-4AC7-89E2-746D84ADF1ED}.Debug|Any CPU.Deploy.0 = Debug|x86
		{5F640E1B-2AAE-4AC7-89E2-746D84ADF1ED}.Debug|ARM.ActiveCfg = Debug|ARM
		{5F640E1B-2AAE-4AC7-89E2-746D84ADF1ED}.Debug|ARM.Build.0 = Debug|ARM
		{5F640E1B-2AAE-4AC7-89E2-746D84ADF1ED}.Debug|ARM.Deploy.0 = Debug|ARM
		{5F640E1B-2AAE-4AC7-89E2-746D84ADF1ED}.Debug|iPhone.ActiveCfg = Debug|x86
		{5F640E1B-2AAE-4AC7-89E2-746D84ADF1ED}.Debug|iPhone.Build.0 = Debug|x86
		{5F640E1B-2AAE-4AC7-89E2-746D84ADF1ED}.Debug|iPhone.Deploy.0 = Debug|x86
		{5F640E1B-2AAE-4AC7-89E2-746D84ADF1ED}.Debug|iPhoneSimulator.ActiveCfg = Debug|x86
		{5F640E1B-2AAE-4AC7-89E2-746D84ADF1ED}.Debug|iPhoneSimulator.Build.0 = Debug|x86
		{5F640E1B-2AAE-4AC7-89E2-746D84ADF1ED}.Debug|iPhoneSimulator.Deploy.0 = Debug|x86
		{5F640E1B-2AAE-4AC7-89E2-746D84ADF1ED}.Debug|x64.ActiveCfg = Debug|x64
		{5F640E1B-2AAE-4AC7-89E2-746D84ADF1ED}.Debug|x64.Build.0 = Debug|x64
		{5F640E1B-2AAE-4AC7-89E2-746D84ADF1ED}.Debug|x64.Deploy.0 = Debug|x64
		{5F640E1B-2AAE-4AC7-89E2-746D84ADF1ED}.Debug|x86.ActiveCfg = Debug|x86
		{5F640E1B-2AAE-4AC7-89E2-746D84ADF1ED}.Debug|x86.Build.0 = Debug|x86
		{5F640E1B-2AAE-4AC7-89E2-746D84ADF1ED}.Debug|x86.Deploy.0 = Debug|x86
		{5F640E1B-2AAE-4AC7-89E2-746D84ADF1ED}.Release|Any CPU.ActiveCfg = Release|x86
		{5F640E1B-2AAE-4AC7-89E2-746D84ADF1ED}.Release|Any CPU.Build.0 = Release|x86
		{5F640E1B-2AAE-4AC7-89E2-746D84ADF1ED}.Release|Any CPU.Deploy.0 = Release|x86
		{5F640E1B-2AAE-4AC7-89E2-746D84ADF1ED}.Release|ARM.ActiveCfg = Release|ARM
		{5F640E1B-2AAE-4AC7-89E2-746D84ADF1ED}.Release|ARM.Build.0 = Release|ARM
		{5F640E1B-2AAE-4AC7-89E2-746D84ADF1ED}.Release|ARM.Deploy.0 = Release|ARM
		{5F640E1B-2AAE-4AC7-89E2-746D84ADF1ED}.Release|iPhone.ActiveCfg = Release|x86
		{5F640E1B-2AAE-4AC7-89E2-746D84ADF1ED}.Release|iPhone.Build.0 = Release|x86
		{5F640E1B-2AAE-4AC7-89E2-746D84ADF1ED}.Release|iPhone.Deploy.0 = Release|x86
		{5F640E1B-2AAE-4AC7-89E2-746D84ADF1ED}.Release|iPhoneSimulator.ActiveCfg = Release|x86
		{5F640E1B-2AAE-4AC7-89E2-746D84ADF1ED}.Release|iPhoneSimulator.Build.0 = Release|x86
		{5F640E1B-2AAE-4AC7-89E2-746D84ADF1ED}.Release|iPhoneSimulator.Deploy.0 = Release|x86
		{5F640E1B-2AAE-4AC7-89E2-746D84ADF1ED}.Release|x64.ActiveCfg = Release|x64
		{5F640E1B-2AAE-4AC7-89E2-746D84ADF1ED}.Release|x64.Build.0 = Release|x64
		{5F640E1B-2AAE-4AC7-89E2-746D84ADF1ED}.Release|x64.Deploy.0 = Release|x64
		{5F640E1B-2AAE-4AC7-89E2-746D84ADF1ED}.Release|x86.ActiveCfg = Release|x86
		{5F640E1B-2AAE-4AC7-89E2-746D84ADF1ED}.Release|x86.Build.0 = Release|x86
		{5F640E1B-2AAE-4AC7-89E2-746D84ADF1ED}.Release|x86.Deploy.0 = Release|x86
		{A7F05C47-3740-40F7-A2A4-5FD40D56FAA6}.Debug|Any CPU.ActiveCfg = Debug|Any CPU
		{A7F05C47-3740-40F7-A2A4-5FD40D56FAA6}.Debug|Any CPU.Build.0 = Debug|Any CPU
		{A7F05C47-3740-40F7-A2A4-5FD40D56FAA6}.Debug|Any CPU.Deploy.0 = Debug|Any CPU
		{A7F05C47-3740-40F7-A2A4-5FD40D56FAA6}.Debug|ARM.ActiveCfg = Debug|Any CPU
		{A7F05C47-3740-40F7-A2A4-5FD40D56FAA6}.Debug|ARM.Build.0 = Debug|Any CPU
		{A7F05C47-3740-40F7-A2A4-5FD40D56FAA6}.Debug|ARM.Deploy.0 = Debug|Any CPU
		{A7F05C47-3740-40F7-A2A4-5FD40D56FAA6}.Debug|iPhone.ActiveCfg = Debug|Any CPU
		{A7F05C47-3740-40F7-A2A4-5FD40D56FAA6}.Debug|iPhone.Build.0 = Debug|Any CPU
		{A7F05C47-3740-40F7-A2A4-5FD40D56FAA6}.Debug|iPhone.Deploy.0 = Debug|Any CPU
		{A7F05C47-3740-40F7-A2A4-5FD40D56FAA6}.Debug|iPhoneSimulator.ActiveCfg = Debug|Any CPU
		{A7F05C47-3740-40F7-A2A4-5FD40D56FAA6}.Debug|iPhoneSimulator.Build.0 = Debug|Any CPU
		{A7F05C47-3740-40F7-A2A4-5FD40D56FAA6}.Debug|iPhoneSimulator.Deploy.0 = Debug|Any CPU
		{A7F05C47-3740-40F7-A2A4-5FD40D56FAA6}.Debug|x64.ActiveCfg = Debug|Any CPU
		{A7F05C47-3740-40F7-A2A4-5FD40D56FAA6}.Debug|x64.Build.0 = Debug|Any CPU
		{A7F05C47-3740-40F7-A2A4-5FD40D56FAA6}.Debug|x64.Deploy.0 = Debug|Any CPU
		{A7F05C47-3740-40F7-A2A4-5FD40D56FAA6}.Debug|x86.ActiveCfg = Debug|Any CPU
		{A7F05C47-3740-40F7-A2A4-5FD40D56FAA6}.Debug|x86.Build.0 = Debug|Any CPU
		{A7F05C47-3740-40F7-A2A4-5FD40D56FAA6}.Debug|x86.Deploy.0 = Debug|Any CPU
		{A7F05C47-3740-40F7-A2A4-5FD40D56FAA6}.Release|Any CPU.ActiveCfg = Release|Any CPU
		{A7F05C47-3740-40F7-A2A4-5FD40D56FAA6}.Release|Any CPU.Build.0 = Release|Any CPU
		{A7F05C47-3740-40F7-A2A4-5FD40D56FAA6}.Release|Any CPU.Deploy.0 = Release|Any CPU
		{A7F05C47-3740-40F7-A2A4-5FD40D56FAA6}.Release|ARM.ActiveCfg = Release|Any CPU
		{A7F05C47-3740-40F7-A2A4-5FD40D56FAA6}.Release|ARM.Build.0 = Release|Any CPU
		{A7F05C47-3740-40F7-A2A4-5FD40D56FAA6}.Release|ARM.Deploy.0 = Release|Any CPU
		{A7F05C47-3740-40F7-A2A4-5FD40D56FAA6}.Release|iPhone.ActiveCfg = Release|Any CPU
		{A7F05C47-3740-40F7-A2A4-5FD40D56FAA6}.Release|iPhone.Build.0 = Release|Any CPU
		{A7F05C47-3740-40F7-A2A4-5FD40D56FAA6}.Release|iPhone.Deploy.0 = Release|Any CPU
		{A7F05C47-3740-40F7-A2A4-5FD40D56FAA6}.Release|iPhoneSimulator.ActiveCfg = Release|Any CPU
		{A7F05C47-3740-40F7-A2A4-5FD40D56FAA6}.Release|iPhoneSimulator.Build.0 = Release|Any CPU
		{A7F05C47-3740-40F7-A2A4-5FD40D56FAA6}.Release|iPhoneSimulator.Deploy.0 = Release|Any CPU
		{A7F05C47-3740-40F7-A2A4-5FD40D56FAA6}.Release|x64.ActiveCfg = Release|Any CPU
		{A7F05C47-3740-40F7-A2A4-5FD40D56FAA6}.Release|x64.Build.0 = Release|Any CPU
		{A7F05C47-3740-40F7-A2A4-5FD40D56FAA6}.Release|x64.Deploy.0 = Release|Any CPU
		{A7F05C47-3740-40F7-A2A4-5FD40D56FAA6}.Release|x86.ActiveCfg = Release|Any CPU
		{A7F05C47-3740-40F7-A2A4-5FD40D56FAA6}.Release|x86.Build.0 = Release|Any CPU
		{A7F05C47-3740-40F7-A2A4-5FD40D56FAA6}.Release|x86.Deploy.0 = Release|Any CPU
		{14E9A964-3FA0-4468-B8C5-1E3F7CAA1D6F}.Debug|Any CPU.ActiveCfg = Debug|iPhoneSimulator
		{14E9A964-3FA0-4468-B8C5-1E3F7CAA1D6F}.Debug|Any CPU.Build.0 = Debug|iPhoneSimulator
		{14E9A964-3FA0-4468-B8C5-1E3F7CAA1D6F}.Debug|Any CPU.Deploy.0 = Debug|iPhoneSimulator
		{14E9A964-3FA0-4468-B8C5-1E3F7CAA1D6F}.Debug|ARM.ActiveCfg = Debug|iPhone
		{14E9A964-3FA0-4468-B8C5-1E3F7CAA1D6F}.Debug|ARM.Build.0 = Debug|iPhone
		{14E9A964-3FA0-4468-B8C5-1E3F7CAA1D6F}.Debug|ARM.Deploy.0 = Debug|iPhone
		{14E9A964-3FA0-4468-B8C5-1E3F7CAA1D6F}.Debug|iPhone.ActiveCfg = Debug|iPhone
		{14E9A964-3FA0-4468-B8C5-1E3F7CAA1D6F}.Debug|iPhone.Build.0 = Debug|iPhone
		{14E9A964-3FA0-4468-B8C5-1E3F7CAA1D6F}.Debug|iPhone.Deploy.0 = Debug|iPhone
		{14E9A964-3FA0-4468-B8C5-1E3F7CAA1D6F}.Debug|iPhoneSimulator.ActiveCfg = Debug|iPhoneSimulator
		{14E9A964-3FA0-4468-B8C5-1E3F7CAA1D6F}.Debug|iPhoneSimulator.Build.0 = Debug|iPhoneSimulator
		{14E9A964-3FA0-4468-B8C5-1E3F7CAA1D6F}.Debug|iPhoneSimulator.Deploy.0 = Debug|iPhoneSimulator
		{14E9A964-3FA0-4468-B8C5-1E3F7CAA1D6F}.Debug|x64.ActiveCfg = Debug|iPhoneSimulator
		{14E9A964-3FA0-4468-B8C5-1E3F7CAA1D6F}.Debug|x64.Build.0 = Debug|iPhoneSimulator
		{14E9A964-3FA0-4468-B8C5-1E3F7CAA1D6F}.Debug|x64.Deploy.0 = Debug|iPhoneSimulator
		{14E9A964-3FA0-4468-B8C5-1E3F7CAA1D6F}.Debug|x86.ActiveCfg = Debug|iPhoneSimulator
		{14E9A964-3FA0-4468-B8C5-1E3F7CAA1D6F}.Debug|x86.Build.0 = Debug|iPhoneSimulator
		{14E9A964-3FA0-4468-B8C5-1E3F7CAA1D6F}.Debug|x86.Deploy.0 = Debug|iPhoneSimulator
		{14E9A964-3FA0-4468-B8C5-1E3F7CAA1D6F}.Release|Any CPU.ActiveCfg = Release|iPhoneSimulator
		{14E9A964-3FA0-4468-B8C5-1E3F7CAA1D6F}.Release|Any CPU.Build.0 = Release|iPhoneSimulator
		{14E9A964-3FA0-4468-B8C5-1E3F7CAA1D6F}.Release|Any CPU.Deploy.0 = Release|iPhoneSimulator
		{14E9A964-3FA0-4468-B8C5-1E3F7CAA1D6F}.Release|ARM.ActiveCfg = Release|iPhoneSimulator
		{14E9A964-3FA0-4468-B8C5-1E3F7CAA1D6F}.Release|ARM.Build.0 = Release|iPhoneSimulator
		{14E9A964-3FA0-4468-B8C5-1E3F7CAA1D6F}.Release|ARM.Deploy.0 = Release|iPhoneSimulator
		{14E9A964-3FA0-4468-B8C5-1E3F7CAA1D6F}.Release|iPhone.ActiveCfg = Release|iPhone
		{14E9A964-3FA0-4468-B8C5-1E3F7CAA1D6F}.Release|iPhone.Build.0 = Release|iPhone
		{14E9A964-3FA0-4468-B8C5-1E3F7CAA1D6F}.Release|iPhone.Deploy.0 = Release|iPhone
		{14E9A964-3FA0-4468-B8C5-1E3F7CAA1D6F}.Release|iPhoneSimulator.ActiveCfg = Release|iPhoneSimulator
		{14E9A964-3FA0-4468-B8C5-1E3F7CAA1D6F}.Release|iPhoneSimulator.Build.0 = Release|iPhoneSimulator
		{14E9A964-3FA0-4468-B8C5-1E3F7CAA1D6F}.Release|iPhoneSimulator.Deploy.0 = Release|iPhoneSimulator
		{14E9A964-3FA0-4468-B8C5-1E3F7CAA1D6F}.Release|x64.ActiveCfg = Release|iPhoneSimulator
		{14E9A964-3FA0-4468-B8C5-1E3F7CAA1D6F}.Release|x64.Build.0 = Release|iPhoneSimulator
		{14E9A964-3FA0-4468-B8C5-1E3F7CAA1D6F}.Release|x64.Deploy.0 = Release|iPhoneSimulator
		{14E9A964-3FA0-4468-B8C5-1E3F7CAA1D6F}.Release|x86.ActiveCfg = Release|iPhoneSimulator
		{14E9A964-3FA0-4468-B8C5-1E3F7CAA1D6F}.Release|x86.Build.0 = Release|iPhoneSimulator
		{14E9A964-3FA0-4468-B8C5-1E3F7CAA1D6F}.Release|x86.Deploy.0 = Release|iPhoneSimulator
		{D7194F6F-ED10-436D-AE5B-0F28894E744F}.Debug|Any CPU.ActiveCfg = Debug|Any CPU
		{D7194F6F-ED10-436D-AE5B-0F28894E744F}.Debug|Any CPU.Build.0 = Debug|Any CPU
		{D7194F6F-ED10-436D-AE5B-0F28894E744F}.Debug|Any CPU.Deploy.0 = Debug|Any CPU
		{D7194F6F-ED10-436D-AE5B-0F28894E744F}.Debug|ARM.ActiveCfg = Debug|Any CPU
		{D7194F6F-ED10-436D-AE5B-0F28894E744F}.Debug|ARM.Build.0 = Debug|Any CPU
		{D7194F6F-ED10-436D-AE5B-0F28894E744F}.Debug|ARM.Deploy.0 = Debug|Any CPU
		{D7194F6F-ED10-436D-AE5B-0F28894E744F}.Debug|iPhone.ActiveCfg = Debug|Any CPU
		{D7194F6F-ED10-436D-AE5B-0F28894E744F}.Debug|iPhone.Build.0 = Debug|Any CPU
		{D7194F6F-ED10-436D-AE5B-0F28894E744F}.Debug|iPhone.Deploy.0 = Debug|Any CPU
		{D7194F6F-ED10-436D-AE5B-0F28894E744F}.Debug|iPhoneSimulator.ActiveCfg = Debug|Any CPU
		{D7194F6F-ED10-436D-AE5B-0F28894E744F}.Debug|iPhoneSimulator.Build.0 = Debug|Any CPU
		{D7194F6F-ED10-436D-AE5B-0F28894E744F}.Debug|iPhoneSimulator.Deploy.0 = Debug|Any CPU
		{D7194F6F-ED10-436D-AE5B-0F28894E744F}.Debug|x64.ActiveCfg = Debug|Any CPU
		{D7194F6F-ED10-436D-AE5B-0F28894E744F}.Debug|x64.Build.0 = Debug|Any CPU
		{D7194F6F-ED10-436D-AE5B-0F28894E744F}.Debug|x64.Deploy.0 = Debug|Any CPU
		{D7194F6F-ED10-436D-AE5B-0F28894E744F}.Debug|x86.ActiveCfg = Debug|Any CPU
		{D7194F6F-ED10-436D-AE5B-0F28894E744F}.Debug|x86.Build.0 = Debug|Any CPU
		{D7194F6F-ED10-436D-AE5B-0F28894E744F}.Debug|x86.Deploy.0 = Debug|Any CPU
		{D7194F6F-ED10-436D-AE5B-0F28894E744F}.Release|Any CPU.ActiveCfg = Release|Any CPU
		{D7194F6F-ED10-436D-AE5B-0F28894E744F}.Release|Any CPU.Build.0 = Release|Any CPU
		{D7194F6F-ED10-436D-AE5B-0F28894E744F}.Release|Any CPU.Deploy.0 = Release|Any CPU
		{D7194F6F-ED10-436D-AE5B-0F28894E744F}.Release|ARM.ActiveCfg = Release|Any CPU
		{D7194F6F-ED10-436D-AE5B-0F28894E744F}.Release|ARM.Build.0 = Release|Any CPU
		{D7194F6F-ED10-436D-AE5B-0F28894E744F}.Release|ARM.Deploy.0 = Release|Any CPU
		{D7194F6F-ED10-436D-AE5B-0F28894E744F}.Release|iPhone.ActiveCfg = Release|Any CPU
		{D7194F6F-ED10-436D-AE5B-0F28894E744F}.Release|iPhone.Build.0 = Release|Any CPU
		{D7194F6F-ED10-436D-AE5B-0F28894E744F}.Release|iPhone.Deploy.0 = Release|Any CPU
		{D7194F6F-ED10-436D-AE5B-0F28894E744F}.Release|iPhoneSimulator.ActiveCfg = Release|Any CPU
		{D7194F6F-ED10-436D-AE5B-0F28894E744F}.Release|iPhoneSimulator.Build.0 = Release|Any CPU
		{D7194F6F-ED10-436D-AE5B-0F28894E744F}.Release|iPhoneSimulator.Deploy.0 = Release|Any CPU
		{D7194F6F-ED10-436D-AE5B-0F28894E744F}.Release|x64.ActiveCfg = Release|Any CPU
		{D7194F6F-ED10-436D-AE5B-0F28894E744F}.Release|x64.Build.0 = Release|Any CPU
		{D7194F6F-ED10-436D-AE5B-0F28894E744F}.Release|x64.Deploy.0 = Release|Any CPU
		{D7194F6F-ED10-436D-AE5B-0F28894E744F}.Release|x86.ActiveCfg = Release|Any CPU
		{D7194F6F-ED10-436D-AE5B-0F28894E744F}.Release|x86.Build.0 = Release|Any CPU
		{D7194F6F-ED10-436D-AE5B-0F28894E744F}.Release|x86.Deploy.0 = Release|Any CPU
	EndGlobalSection
	GlobalSection(SolutionProperties) = preSolution
		HideSolutionNode = FALSE
	EndGlobalSection
	GlobalSection(ExtensibilityGlobals) = postSolution
		SolutionGuid = {E3B9E00D-C2E9-488F-AA69-647809880E10}
	EndGlobalSection
EndGlobal
