
Microsoft Visual Studio Solution File, Format Version 12.00
# Visual Studio Version 16
VisualStudioVersion = 16.0.30002.166
MinimumVisualStudioVersion = 10.0.40219.1
Project("{FAE04EC0-301F-11D3-BF4B-00C04F79EFBC}") = "XFDeviceInfo.UWP", "XFDeviceInfo\XFDeviceInfo.UWP\XFDeviceInfo.UWP.csproj", "{16D8F592-4B30-4CDE-8566-20008EB9A4DD}"
EndProject
Project("{FAE04EC0-301F-11D3-BF4B-00C04F79EFBC}") = "XFDeviceInfo.Android", "XFDeviceInfo\XFDeviceInfo.Android\XFDeviceInfo.Android.csproj", "{8D9715FA-75D1-4AFE-844E-05405A7A179A}"
EndProject
Project("{FAE04EC0-301F-11D3-BF4B-00C04F79EFBC}") = "XFDeviceInfo.iOS", "XFDeviceInfo\XFDeviceInfo.iOS\XFDeviceInfo.iOS.csproj", "{CA99C746-5AFE-4A90-B674-574BF3D5525F}"
EndProject
Project("{FAE04EC0-301F-11D3-BF4B-00C04F79EFBC}") = "XFDeviceInfo", "XFDeviceInfo\XFDeviceInfo\XFDeviceInfo.csproj", "{9CABF7D6-80E4-49F4-84D3-669AFED2AD5A}"
EndProject
Global
	GlobalSection(SolutionConfigurationPlatforms) = preSolution
		Debug|Any CPU = Debug|Any CPU
		Debug|ARM = Debug|ARM
		Debug|iPhone = Debug|iPhone
		Debug|iPhoneSimulator = Debug|iPhoneSimulator
		Debug|x64 = Debug|x64
		Debug|x86 = Debug|x86
		Release|Any CPU = Release|Any CPU
		Release|ARM = Release|ARM
		Release|iPhone = Release|iPhone
		Release|iPhoneSimulator = Release|iPhoneSimulator
		Release|x64 = Release|x64
		Release|x86 = Release|x86
	EndGlobalSection
	GlobalSection(ProjectConfigurationPlatforms) = postSolution
		{16D8F592-4B30-4CDE-8566-20008EB9A4DD}.Debug|Any CPU.ActiveCfg = Debug|x86
		{16D8F592-4B30-4CDE-8566-20008EB9A4DD}.Debug|Any CPU.Build.0 = Debug|x86
		{16D8F592-4B30-4CDE-8566-20008EB9A4DD}.Debug|Any CPU.Deploy.0 = Debug|x86
		{16D8F592-4B30-4CDE-8566-20008EB9A4DD}.Debug|ARM.ActiveCfg = Debug|ARM
		{16D8F592-4B30-4CDE-8566-20008EB9A4DD}.Debug|ARM.Build.0 = Debug|ARM
		{16D8F592-4B30-4CDE-8566-20008EB9A4DD}.Debug|ARM.Deploy.0 = Debug|ARM
		{16D8F592-4B30-4CDE-8566-20008EB9A4DD}.Debug|iPhone.ActiveCfg = Debug|x86
		{16D8F592-4B30-4CDE-8566-20008EB9A4DD}.Debug|iPhone.Build.0 = Debug|x86
		{16D8F592-4B30-4CDE-8566-20008EB9A4DD}.Debug|iPhone.Deploy.0 = Debug|x86
		{16D8F592-4B30-4CDE-8566-20008EB9A4DD}.Debug|iPhoneSimulator.ActiveCfg = Debug|x86
		{16D8F592-4B30-4CDE-8566-20008EB9A4DD}.Debug|iPhoneSimulator.Build.0 = Debug|x86
		{16D8F592-4B30-4CDE-8566-20008EB9A4DD}.Debug|iPhoneSimulator.Deploy.0 = Debug|x86
		{16D8F592-4B30-4CDE-8566-20008EB9A4DD}.Debug|x64.ActiveCfg = Debug|x64
		{16D8F592-4B30-4CDE-8566-20008EB9A4DD}.Debug|x64.Build.0 = Debug|x64
		{16D8F592-4B30-4CDE-8566-20008EB9A4DD}.Debug|x64.Deploy.0 = Debug|x64
		{16D8F592-4B30-4CDE-8566-20008EB9A4DD}.Debug|x86.ActiveCfg = Debug|x86
		{16D8F592-4B30-4CDE-8566-20008EB9A4DD}.Debug|x86.Build.0 = Debug|x86
		{16D8F592-4B30-4CDE-8566-20008EB9A4DD}.Debug|x86.Deploy.0 = Debug|x86
		{16D8F592-4B30-4CDE-8566-20008EB9A4DD}.Release|Any CPU.ActiveCfg = Release|x86
		{16D8F592-4B30-4CDE-8566-20008EB9A4DD}.Release|Any CPU.Build.0 = Release|x86
		{16D8F592-4B30-4CDE-8566-20008EB9A4DD}.Release|Any CPU.Deploy.0 = Release|x86
		{16D8F592-4B30-4CDE-8566-20008EB9A4DD}.Release|ARM.ActiveCfg = Release|ARM
		{16D8F592-4B30-4CDE-8566-20008EB9A4DD}.Release|ARM.Build.0 = Release|ARM
		{16D8F592-4B30-4CDE-8566-20008EB9A4DD}.Release|ARM.Deploy.0 = Release|ARM
		{16D8F592-4B30-4CDE-8566-20008EB9A4DD}.Release|iPhone.ActiveCfg = Release|x86
		{16D8F592-4B30-4CDE-8566-20008EB9A4DD}.Release|iPhone.Build.0 = Release|x86
		{16D8F592-4B30-4CDE-8566-20008EB9A4DD}.Release|iPhone.Deploy.0 = Release|x86
		{16D8F592-4B30-4CDE-8566-20008EB9A4DD}.Release|iPhoneSimulator.ActiveCfg = Release|x86
		{16D8F592-4B30-4CDE-8566-20008EB9A4DD}.Release|iPhoneSimulator.Build.0 = Release|x86
		{16D8F592-4B30-4CDE-8566-20008EB9A4DD}.Release|iPhoneSimulator.Deploy.0 = Release|x86
		{16D8F592-4B30-4CDE-8566-20008EB9A4DD}.Release|x64.ActiveCfg = Release|x64
		{16D8F592-4B30-4CDE-8566-20008EB9A4DD}.Release|x64.Build.0 = Release|x64
		{16D8F592-4B30-4CDE-8566-20008EB9A4DD}.Release|x64.Deploy.0 = Release|x64
		{16D8F592-4B30-4CDE-8566-20008EB9A4DD}.Release|x86.ActiveCfg = Release|x86
		{16D8F592-4B30-4CDE-8566-20008EB9A4DD}.Release|x86.Build.0 = Release|x86
		{16D8F592-4B30-4CDE-8566-20008EB9A4DD}.Release|x86.Deploy.0 = Release|x86
		{8D9715FA-75D1-4AFE-844E-05405A7A179A}.Debug|Any CPU.ActiveCfg = Debug|Any CPU
		{8D9715FA-75D1-4AFE-844E-05405A7A179A}.Debug|Any CPU.Build.0 = Debug|Any CPU
		{8D9715FA-75D1-4AFE-844E-05405A7A179A}.Debug|Any CPU.Deploy.0 = Debug|Any CPU
		{8D9715FA-75D1-4AFE-844E-05405A7A179A}.Debug|ARM.ActiveCfg = Debug|Any CPU
		{8D9715FA-75D1-4AFE-844E-05405A7A179A}.Debug|ARM.Build.0 = Debug|Any CPU
		{8D9715FA-75D1-4AFE-844E-05405A7A179A}.Debug|ARM.Deploy.0 = Debug|Any CPU
		{8D9715FA-75D1-4AFE-844E-05405A7A179A}.Debug|iPhone.ActiveCfg = Debug|Any CPU
		{8D9715FA-75D1-4AFE-844E-05405A7A179A}.Debug|iPhone.Build.0 = Debug|Any CPU
		{8D9715FA-75D1-4AFE-844E-05405A7A179A}.Debug|iPhone.Deploy.0 = Debug|Any CPU
		{8D9715FA-75D1-4AFE-844E-05405A7A179A}.Debug|iPhoneSimulator.ActiveCfg = Debug|Any CPU
		{8D9715FA-75D1-4AFE-844E-05405A7A179A}.Debug|iPhoneSimulator.Build.0 = Debug|Any CPU
		{8D9715FA-75D1-4AFE-844E-05405A7A179A}.Debug|iPhoneSimulator.Deploy.0 = Debug|Any CPU
		{8D9715FA-75D1-4AFE-844E-05405A7A179A}.Debug|x64.ActiveCfg = Debug|Any CPU
		{8D9715FA-75D1-4AFE-844E-05405A7A179A}.Debug|x64.Build.0 = Debug|Any CPU
		{8D9715FA-75D1-4AFE-844E-05405A7A179A}.Debug|x64.Deploy.0 = Debug|Any CPU
		{8D9715FA-75D1-4AFE-844E-05405A7A179A}.Debug|x86.ActiveCfg = Debug|Any CPU
		{8D9715FA-75D1-4AFE-844E-05405A7A179A}.Debug|x86.Build.0 = Debug|Any CPU
		{8D9715FA-75D1-4AFE-844E-05405A7A179A}.Debug|x86.Deploy.0 = Debug|Any CPU
		{8D9715FA-75D1-4AFE-844E-05405A7A179A}.Release|Any CPU.ActiveCfg = Release|Any CPU
		{8D9715FA-75D1-4AFE-844E-05405A7A179A}.Release|Any CPU.Build.0 = Release|Any CPU
		{8D9715FA-75D1-4AFE-844E-05405A7A179A}.Release|Any CPU.Deploy.0 = Release|Any CPU
		{8D9715FA-75D1-4AFE-844E-05405A7A179A}.Release|ARM.ActiveCfg = Release|Any CPU
		{8D9715FA-75D1-4AFE-844E-05405A7A179A}.Release|ARM.Build.0 = Release|Any CPU
		{8D9715FA-75D1-4AFE-844E-05405A7A179A}.Release|ARM.Deploy.0 = Release|Any CPU
		{8D9715FA-75D1-4AFE-844E-05405A7A179A}.Release|iPhone.ActiveCfg = Release|Any CPU
		{8D9715FA-75D1-4AFE-844E-05405A7A179A}.Release|iPhone.Build.0 = Release|Any CPU
		{8D9715FA-75D1-4AFE-844E-05405A7A179A}.Release|iPhone.Deploy.0 = Release|Any CPU
		{8D9715FA-75D1-4AFE-844E-05405A7A179A}.Release|iPhoneSimulator.ActiveCfg = Release|Any CPU
		{8D9715FA-75D1-4AFE-844E-05405A7A179A}.Release|iPhoneSimulator.Build.0 = Release|Any CPU
		{8D9715FA-75D1-4AFE-844E-05405A7A179A}.Release|iPhoneSimulator.Deploy.0 = Release|Any CPU
		{8D9715FA-75D1-4AFE-844E-05405A7A179A}.Release|x64.ActiveCfg = Release|Any CPU
		{8D9715FA-75D1-4AFE-844E-05405A7A179A}.Release|x64.Build.0 = Release|Any CPU
		{8D9715FA-75D1-4AFE-844E-05405A7A179A}.Release|x64.Deploy.0 = Release|Any CPU
		{8D9715FA-75D1-4AFE-844E-05405A7A179A}.Release|x86.ActiveCfg = Release|Any CPU
		{8D9715FA-75D1-4AFE-844E-05405A7A179A}.Release|x86.Build.0 = Release|Any CPU
		{8D9715FA-75D1-4AFE-844E-05405A7A179A}.Release|x86.Deploy.0 = Release|Any CPU
		{CA99C746-5AFE-4A90-B674-574BF3D5525F}.Debug|Any CPU.ActiveCfg = Debug|iPhone
		{CA99C746-5AFE-4A90-B674-574BF3D5525F}.Debug|Any CPU.Build.0 = Debug|iPhone
		{CA99C746-5AFE-4A90-B674-574BF3D5525F}.Debug|Any CPU.Deploy.0 = Debug|iPhone
		{CA99C746-5AFE-4A90-B674-574BF3D5525F}.Debug|ARM.ActiveCfg = Debug|iPhone
		{CA99C746-5AFE-4A90-B674-574BF3D5525F}.Debug|ARM.Build.0 = Debug|iPhone
		{CA99C746-5AFE-4A90-B674-574BF3D5525F}.Debug|ARM.Deploy.0 = Debug|iPhone
		{CA99C746-5AFE-4A90-B674-574BF3D5525F}.Debug|iPhone.ActiveCfg = Debug|iPhone
		{CA99C746-5AFE-4A90-B674-574BF3D5525F}.Debug|iPhone.Build.0 = Debug|iPhone
		{CA99C746-5AFE-4A90-B674-574BF3D5525F}.Debug|iPhone.Deploy.0 = Debug|iPhone
		{CA99C746-5AFE-4A90-B674-574BF3D5525F}.Debug|iPhoneSimulator.ActiveCfg = Debug|iPhoneSimulator
		{CA99C746-5AFE-4A90-B674-574BF3D5525F}.Debug|iPhoneSimulator.Build.0 = Debug|iPhoneSimulator
		{CA99C746-5AFE-4A90-B674-574BF3D5525F}.Debug|iPhoneSimulator.Deploy.0 = Debug|iPhoneSimulator
		{CA99C746-5AFE-4A90-B674-574BF3D5525F}.Debug|x64.ActiveCfg = Debug|iPhone
		{CA99C746-5AFE-4A90-B674-574BF3D5525F}.Debug|x64.Build.0 = Debug|iPhone
		{CA99C746-5AFE-4A90-B674-574BF3D5525F}.Debug|x64.Deploy.0 = Debug|iPhone
		{CA99C746-5AFE-4A90-B674-574BF3D5525F}.Debug|x86.ActiveCfg = Debug|iPhone
		{CA99C746-5AFE-4A90-B674-574BF3D5525F}.Debug|x86.Build.0 = Debug|iPhone
		{CA99C746-5AFE-4A90-B674-574BF3D5525F}.Debug|x86.Deploy.0 = Debug|iPhone
		{CA99C746-5AFE-4A90-B674-574BF3D5525F}.Release|Any CPU.ActiveCfg = Release|iPhone
		{CA99C746-5AFE-4A90-B674-574BF3D5525F}.Release|Any CPU.Build.0 = Release|iPhone
		{CA99C746-5AFE-4A90-B674-574BF3D5525F}.Release|Any CPU.Deploy.0 = Release|iPhone
		{CA99C746-5AFE-4A90-B674-574BF3D5525F}.Release|ARM.ActiveCfg = Release|iPhone
		{CA99C746-5AFE-4A90-B674-574BF3D5525F}.Release|ARM.Build.0 = Release|iPhone
		{CA99C746-5AFE-4A90-B674-574BF3D5525F}.Release|ARM.Deploy.0 = Release|iPhone
		{CA99C746-5AFE-4A90-B674-574BF3D5525F}.Release|iPhone.ActiveCfg = Release|iPhone
		{CA99C746-5AFE-4A90-B674-574BF3D5525F}.Release|iPhone.Build.0 = Release|iPhone
		{CA99C746-5AFE-4A90-B674-574BF3D5525F}.Release|iPhone.Deploy.0 = Release|iPhone
		{CA99C746-5AFE-4A90-B674-574BF3D5525F}.Release|iPhoneSimulator.ActiveCfg = Release|iPhoneSimulator
		{CA99C746-5AFE-4A90-B674-574BF3D5525F}.Release|iPhoneSimulator.Build.0 = Release|iPhoneSimulator
		{CA99C746-5AFE-4A90-B674-574BF3D5525F}.Release|iPhoneSimulator.Deploy.0 = Release|iPhoneSimulator
		{CA99C746-5AFE-4A90-B674-574BF3D5525F}.Release|x64.ActiveCfg = Release|iPhone
		{CA99C746-5AFE-4A90-B674-574BF3D5525F}.Release|x64.Build.0 = Release|iPhone
		{CA99C746-5AFE-4A90-B674-574BF3D5525F}.Release|x64.Deploy.0 = Release|iPhone
		{CA99C746-5AFE-4A90-B674-574BF3D5525F}.Release|x86.ActiveCfg = Release|iPhone
		{CA99C746-5AFE-4A90-B674-574BF3D5525F}.Release|x86.Build.0 = Release|iPhone
		{CA99C746-5AFE-4A90-B674-574BF3D5525F}.Release|x86.Deploy.0 = Release|iPhone
		{9CABF7D6-80E4-49F4-84D3-669AFED2AD5A}.Debug|Any CPU.ActiveCfg = Debug|Any CPU
		{9CABF7D6-80E4-49F4-84D3-669AFED2AD5A}.Debug|Any CPU.Build.0 = Debug|Any CPU
		{9CABF7D6-80E4-49F4-84D3-669AFED2AD5A}.Debug|Any CPU.Deploy.0 = Debug|Any CPU
		{9CABF7D6-80E4-49F4-84D3-669AFED2AD5A}.Debug|ARM.ActiveCfg = Debug|Any CPU
		{9CABF7D6-80E4-49F4-84D3-669AFED2AD5A}.Debug|ARM.Build.0 = Debug|Any CPU
		{9CABF7D6-80E4-49F4-84D3-669AFED2AD5A}.Debug|ARM.Deploy.0 = Debug|Any CPU
		{9CABF7D6-80E4-49F4-84D3-669AFED2AD5A}.Debug|iPhone.ActiveCfg = Debug|Any CPU
		{9CABF7D6-80E4-49F4-84D3-669AFED2AD5A}.Debug|iPhone.Build.0 = Debug|Any CPU
		{9CABF7D6-80E4-49F4-84D3-669AFED2AD5A}.Debug|iPhone.Deploy.0 = Debug|Any CPU
		{9CABF7D6-80E4-49F4-84D3-669AFED2AD5A}.Debug|iPhoneSimulator.ActiveCfg = Debug|Any CPU
		{9CABF7D6-80E4-49F4-84D3-669AFED2AD5A}.Debug|iPhoneSimulator.Build.0 = Debug|Any CPU
		{9CABF7D6-80E4-49F4-84D3-669AFED2AD5A}.Debug|iPhoneSimulator.Deploy.0 = Debug|Any CPU
		{9CABF7D6-80E4-49F4-84D3-669AFED2AD5A}.Debug|x64.ActiveCfg = Debug|Any CPU
		{9CABF7D6-80E4-49F4-84D3-669AFED2AD5A}.Debug|x64.Build.0 = Debug|Any CPU
		{9CABF7D6-80E4-49F4-84D3-669AFED2AD5A}.Debug|x64.Deploy.0 = Debug|Any CPU
		{9CABF7D6-80E4-49F4-84D3-669AFED2AD5A}.Debug|x86.ActiveCfg = Debug|Any CPU
		{9CABF7D6-80E4-49F4-84D3-669AFED2AD5A}.Debug|x86.Build.0 = Debug|Any CPU
		{9CABF7D6-80E4-49F4-84D3-669AFED2AD5A}.Debug|x86.Deploy.0 = Debug|Any CPU
		{9CABF7D6-80E4-49F4-84D3-669AFED2AD5A}.Release|Any CPU.ActiveCfg = Release|Any CPU
		{9CABF7D6-80E4-49F4-84D3-669AFED2AD5A}.Release|Any CPU.Build.0 = Release|Any CPU
		{9CABF7D6-80E4-49F4-84D3-669AFED2AD5A}.Release|Any CPU.Deploy.0 = Release|Any CPU
		{9CABF7D6-80E4-49F4-84D3-669AFED2AD5A}.Release|ARM.ActiveCfg = Release|Any CPU
		{9CABF7D6-80E4-49F4-84D3-669AFED2AD5A}.Release|ARM.Build.0 = Release|Any CPU
		{9CABF7D6-80E4-49F4-84D3-669AFED2AD5A}.Release|ARM.Deploy.0 = Release|Any CPU
		{9CABF7D6-80E4-49F4-84D3-669AFED2AD5A}.Release|iPhone.ActiveCfg = Release|Any CPU
		{9CABF7D6-80E4-49F4-84D3-669AFED2AD5A}.Release|iPhone.Build.0 = Release|Any CPU
		{9CABF7D6-80E4-49F4-84D3-669AFED2AD5A}.Release|iPhone.Deploy.0 = Release|Any CPU
		{9CABF7D6-80E4-49F4-84D3-669AFED2AD5A}.Release|iPhoneSimulator.ActiveCfg = Release|Any CPU
		{9CABF7D6-80E4-49F4-84D3-669AFED2AD5A}.Release|iPhoneSimulator.Build.0 = Release|Any CPU
		{9CABF7D6-80E4-49F4-84D3-669AFED2AD5A}.Release|iPhoneSimulator.Deploy.0 = Release|Any CPU
		{9CABF7D6-80E4-49F4-84D3-669AFED2AD5A}.Release|x64.ActiveCfg = Release|Any CPU
		{9CABF7D6-80E4-49F4-84D3-669AFED2AD5A}.Release|x64.Build.0 = Release|Any CPU
		{9CABF7D6-80E4-49F4-84D3-669AFED2AD5A}.Release|x64.Deploy.0 = Release|Any CPU
		{9CABF7D6-80E4-49F4-84D3-669AFED2AD5A}.Release|x86.ActiveCfg = Release|Any CPU
		{9CABF7D6-80E4-49F4-84D3-669AFED2AD5A}.Release|x86.Build.0 = Release|Any CPU
		{9CABF7D6-80E4-49F4-84D3-669AFED2AD5A}.Release|x86.Deploy.0 = Release|Any CPU
	EndGlobalSection
	GlobalSection(SolutionProperties) = preSolution
		HideSolutionNode = FALSE
	EndGlobalSection
	GlobalSection(ExtensibilityGlobals) = postSolution
		SolutionGuid = {0FFA62E8-CBFA-45FF-86AE-02183F878C31}
	EndGlobalSection
EndGlobal
